// !$*UTF8*$!
{
	archiveVersion = 1;
	classes = {
	};
	objectVersion = 46;
	objects = {

/* Begin PBXBuildFile section */
		241437491804A59300047474 /* CKQuiz+Networking.m in Sources */ = {isa = PBXBuildFile; fileRef = 241437481804A59300047474 /* CKQuiz+Networking.m */; };
		2414374C1804B9E500047474 /* CKQuiz+NetworkingSpec.m in Sources */ = {isa = PBXBuildFile; fileRef = 2414374B1804B9E500047474 /* CKQuiz+NetworkingSpec.m */; };
		2414374D1805ACF700047474 /* CKQuiz+Networking.m in Sources */ = {isa = PBXBuildFile; fileRef = 241437481804A59300047474 /* CKQuiz+Networking.m */; };
		2472D26B17E3BF4C0035E10E /* CKPage+Networking.m in Sources */ = {isa = PBXBuildFile; fileRef = 8057D2E917E25B85002AAED2 /* CKPage+Networking.m */; };
		24B91A7D17FCA84500D5FF60 /* CKQuiz.m in Sources */ = {isa = PBXBuildFile; fileRef = 24D5435F17FCA4DA0056096D /* CKQuiz.m */; };
		24B91A8017FCB01800D5FF60 /* CKISO8601DateMatcher.m in Sources */ = {isa = PBXBuildFile; fileRef = 24B91A7F17FCB01800D5FF60 /* CKISO8601DateMatcher.m */; };
		24D5435D17FCA4B90056096D /* quiz.json in Resources */ = {isa = PBXBuildFile; fileRef = 24D5435C17FCA4B90056096D /* quiz.json */; };
		24D5436017FCA4DA0056096D /* CKQuiz.m in Sources */ = {isa = PBXBuildFile; fileRef = 24D5435F17FCA4DA0056096D /* CKQuiz.m */; };
		24D5436217FCA5630056096D /* CKQuizSpec.m in Sources */ = {isa = PBXBuildFile; fileRef = 24D5436117FCA5630056096D /* CKQuizSpec.m */; };
		4910CE9C17E8F3D000A6A73E /* CKAPIV1.m in Sources */ = {isa = PBXBuildFile; fileRef = 4910CE9B17E8F3D000A6A73E /* CKAPIV1.m */; };
		496C9A0317E0EAF500E5DB70 /* CoreGraphics.framework in Frameworks */ = {isa = PBXBuildFile; fileRef = 496C9A0217E0EAF500E5DB70 /* CoreGraphics.framework */; };
		496C9A0D17E1080F00E5DB70 /* CKClient+TestingClient.m in Sources */ = {isa = PBXBuildFile; fileRef = 496C9A0B17E1080F00E5DB70 /* CKClient+TestingClient.m */; };
		497948BD17E90C2900E1F600 /* CKAPIV1.m in Sources */ = {isa = PBXBuildFile; fileRef = 4910CE9B17E8F3D000A6A73E /* CKAPIV1.m */; };
		499B4A2617F22C9F00E211C9 /* Foundation.framework in Frameworks */ = {isa = PBXBuildFile; fileRef = 809DC72117C694EC0089E846 /* Foundation.framework */; };
		499B4A2717F22C9F00E211C9 /* CoreGraphics.framework in Frameworks */ = {isa = PBXBuildFile; fileRef = 496C9A0217E0EAF500E5DB70 /* CoreGraphics.framework */; };
		499B4A2817F22C9F00E211C9 /* UIKit.framework in Frameworks */ = {isa = PBXBuildFile; fileRef = 809DC73217C694EC0089E846 /* UIKit.framework */; };
		499B4A2E17F22C9F00E211C9 /* InfoPlist.strings in Resources */ = {isa = PBXBuildFile; fileRef = 499B4A2C17F22C9F00E211C9 /* InfoPlist.strings */; };
		499B4A3017F22C9F00E211C9 /* main.m in Sources */ = {isa = PBXBuildFile; fileRef = 499B4A2F17F22C9F00E211C9 /* main.m */; };
		499B4A3417F22C9F00E211C9 /* AppDelegate.m in Sources */ = {isa = PBXBuildFile; fileRef = 499B4A3317F22C9F00E211C9 /* AppDelegate.m */; };
		499B4A3617F22C9F00E211C9 /* Images.xcassets in Resources */ = {isa = PBXBuildFile; fileRef = 499B4A3517F22C9F00E211C9 /* Images.xcassets */; };
		49D211F717E22326006359A7 /* submission_array.json in Resources */ = {isa = PBXBuildFile; fileRef = 49D211F617E22326006359A7 /* submission_array.json */; };
		80061C1817FDFC3100A8CDFF /* CKGroup+Networking.m in Sources */ = {isa = PBXBuildFile; fileRef = 80061C1717FDFC3100A8CDFF /* CKGroup+Networking.m */; };
		80061C1C17FE05F300A8CDFF /* CKGroup+NetworkingSpec.m in Sources */ = {isa = PBXBuildFile; fileRef = 80061C1B17FE05F300A8CDFF /* CKGroup+NetworkingSpec.m */; };
		800B2F0317FE39570069D0CC /* CKModuleItem+Networking.m in Sources */ = {isa = PBXBuildFile; fileRef = 800B2F0217FE39570069D0CC /* CKModuleItem+Networking.m */; };
		800B2F0417FE395F0069D0CC /* CKModuleItem+Networking.m in Sources */ = {isa = PBXBuildFile; fileRef = 800B2F0217FE39570069D0CC /* CKModuleItem+Networking.m */; };
		800B2F0617FE3B970069D0CC /* CKModuleItem+NetworkingSpec.m in Sources */ = {isa = PBXBuildFile; fileRef = 800B2F0517FE3B970069D0CC /* CKModuleItem+NetworkingSpec.m */; };
		800BC95817FE205E00934C8E /* CKGroup+Networking.m in Sources */ = {isa = PBXBuildFile; fileRef = 80061C1717FDFC3100A8CDFF /* CKGroup+Networking.m */; };
		8024E19F17C6AE7D0031E0F4 /* CKModel.m in Sources */ = {isa = PBXBuildFile; fileRef = 8024E19E17C6AE7D0031E0F4 /* CKModel.m */; };
		8026FC3D17E0DD4100126518 /* page.json in Resources */ = {isa = PBXBuildFile; fileRef = 8026FC3C17E0DD4100126518 /* page.json */; };
		8026FC4217E0DDC000126518 /* CKPage.m in Sources */ = {isa = PBXBuildFile; fileRef = 8026FC4117E0DDC000126518 /* CKPage.m */; };
		802837F017CCF2BF0019FE30 /* CKLockableModel.m in Sources */ = {isa = PBXBuildFile; fileRef = 802837EF17CCF2BF0019FE30 /* CKLockableModel.m */; };
		8031533617ECF3B400F4C294 /* NSHTTPURLResponsePaginationSpec.m in Sources */ = {isa = PBXBuildFile; fileRef = 8031533517ECF3B400F4C294 /* NSHTTPURLResponsePaginationSpec.m */; };
		8032829F17D03380001E73FA /* CKRubricCriterionRating.m in Sources */ = {isa = PBXBuildFile; fileRef = 8032829E17D03380001E73FA /* CKRubricCriterionRating.m */; };
		803282A517D03646001E73FA /* rubric_criterion_rating.json in Resources */ = {isa = PBXBuildFile; fileRef = 803282A417D03646001E73FA /* rubric_criterion_rating.json */; };
		803282A817D05C7D001E73FA /* CKSubmission.m in Sources */ = {isa = PBXBuildFile; fileRef = 803282A717D05C7D001E73FA /* CKSubmission.m */; };
		803282AC17D0606D001E73FA /* submission.json in Resources */ = {isa = PBXBuildFile; fileRef = 803282AB17D0606D001E73FA /* submission.json */; };
		804904BF18048B7B00BB8978 /* CKUser+Networking.m in Sources */ = {isa = PBXBuildFile; fileRef = 804904BE18048B7B00BB8978 /* CKUser+Networking.m */; };
		804904C018048B7F00BB8978 /* CKUser+Networking.m in Sources */ = {isa = PBXBuildFile; fileRef = 804904BE18048B7B00BB8978 /* CKUser+Networking.m */; };
		804904C218048B9B00BB8978 /* CKUserSpec.m in Sources */ = {isa = PBXBuildFile; fileRef = 804904C118048B9B00BB8978 /* CKUserSpec.m */; };
		80538A1E17DD132A009095F2 /* CKSubmissionComment.m in Sources */ = {isa = PBXBuildFile; fileRef = 80538A1D17DD132A009095F2 /* CKSubmissionComment.m */; };
		80538A2217DD1427009095F2 /* submission_comment.json in Resources */ = {isa = PBXBuildFile; fileRef = 80538A2117DD1427009095F2 /* submission_comment.json */; };
		80538A2417DD1931009095F2 /* user.json in Resources */ = {isa = PBXBuildFile; fileRef = 80538A2317DD1931009095F2 /* user.json */; };
		80538A2717DD1A20009095F2 /* CKUser.m in Sources */ = {isa = PBXBuildFile; fileRef = 80538A2617DD1A20009095F2 /* CKUser.m */; };
		8055140217FCF1DD009F8723 /* CKClient+TestingClient.h in Resources */ = {isa = PBXBuildFile; fileRef = 496C9A0A17E1080F00E5DB70 /* CKClient+TestingClient.h */; };
		8057D2EA17E25B85002AAED2 /* CKPage+Networking.m in Sources */ = {isa = PBXBuildFile; fileRef = 8057D2E917E25B85002AAED2 /* CKPage+Networking.m */; };
		805E1E6117EA334F0055EA0C /* CKPagedResponse.m in Sources */ = {isa = PBXBuildFile; fileRef = 805E1E6017EA334F0055EA0C /* CKPagedResponse.m */; };
		80785A0917E135ED00339A06 /* module.json in Resources */ = {isa = PBXBuildFile; fileRef = 80785A0817E135ED00339A06 /* module.json */; };
		80785A0E17E1365700339A06 /* CKModule.m in Sources */ = {isa = PBXBuildFile; fileRef = 80785A0D17E1365700339A06 /* CKModule.m */; };
		80785A1017E13DE900339A06 /* module_item.json in Resources */ = {isa = PBXBuildFile; fileRef = 80785A0F17E13DE900339A06 /* module_item.json */; };
		80785A1317E146B000339A06 /* CKModuleItem.m in Sources */ = {isa = PBXBuildFile; fileRef = 80785A1217E146B000339A06 /* CKModuleItem.m */; };
		808A0DC617CBCADA0000654F /* NSValueTransformer+CKPredefinedTransformerAdditions.m in Sources */ = {isa = PBXBuildFile; fileRef = 808A0DC517CBCADA0000654F /* NSValueTransformer+CKPredefinedTransformerAdditions.m */; };
		809808BD17C6D9BB00FC3BF6 /* CKAssignment.m in Sources */ = {isa = PBXBuildFile; fileRef = 809808BC17C6D9BB00FC3BF6 /* CKAssignment.m */; };
		809808C217C6DD1400FC3BF6 /* assignment.json in Resources */ = {isa = PBXBuildFile; fileRef = 809808C117C6DD1400FC3BF6 /* assignment.json */; };
		809876E8180493E4001D01BC /* CKUser+NetworkingSpec.m in Sources */ = {isa = PBXBuildFile; fileRef = 809876E7180493E4001D01BC /* CKUser+NetworkingSpec.m */; };
		809A664117EB8D5A005C5855 /* CKPagedResponse.m in Sources */ = {isa = PBXBuildFile; fileRef = 805E1E6017EA334F0055EA0C /* CKPagedResponse.m */; };
		809A664517EB93F2005C5855 /* NSHTTPURLResponse+Pagination.m in Sources */ = {isa = PBXBuildFile; fileRef = 809A664417EB93F2005C5855 /* NSHTTPURLResponse+Pagination.m */; };
		809DC72217C694EC0089E846 /* Foundation.framework in Frameworks */ = {isa = PBXBuildFile; fileRef = 809DC72117C694EC0089E846 /* Foundation.framework */; };
		809DC72717C694EC0089E846 /* CanvasKit.h in CopyFiles */ = {isa = PBXBuildFile; fileRef = 809DC72617C694EC0089E846 /* CanvasKit.h */; };
		809DC73017C694EC0089E846 /* XCTest.framework in Frameworks */ = {isa = PBXBuildFile; fileRef = 809DC72F17C694EC0089E846 /* XCTest.framework */; };
		809DC73117C694EC0089E846 /* Foundation.framework in Frameworks */ = {isa = PBXBuildFile; fileRef = 809DC72117C694EC0089E846 /* Foundation.framework */; };
		809DC73317C694EC0089E846 /* UIKit.framework in Frameworks */ = {isa = PBXBuildFile; fileRef = 809DC73217C694EC0089E846 /* UIKit.framework */; };
		809DC73C17C694EC0089E846 /* InfoPlist.strings in Resources */ = {isa = PBXBuildFile; fileRef = 809DC73A17C694EC0089E846 /* InfoPlist.strings */; };
		809E7A0817F0DE0800180557 /* NSHTTPURLResponse+Pagination.m in Sources */ = {isa = PBXBuildFile; fileRef = 809A664417EB93F2005C5855 /* NSHTTPURLResponse+Pagination.m */; };
		80A07D7717E425F9001B9EE4 /* CKModule+Networking.m in Sources */ = {isa = PBXBuildFile; fileRef = 80A07D7617E425F9001B9EE4 /* CKModule+Networking.m */; };
		80A07D7917E42653001B9EE4 /* CKModule+NetworkingSpec.m in Sources */ = {isa = PBXBuildFile; fileRef = 80A07D7817E42653001B9EE4 /* CKModule+NetworkingSpec.m */; };
		80A07D7A17E4265D001B9EE4 /* CKModule+Networking.m in Sources */ = {isa = PBXBuildFile; fileRef = 80A07D7617E425F9001B9EE4 /* CKModule+Networking.m */; };
		80A8BE6517FF5C15002ED94E /* CKCourse+NetworkingSpec.m in Sources */ = {isa = PBXBuildFile; fileRef = 80A8BE6417FF5C15002ED94E /* CKCourse+NetworkingSpec.m */; };
		80B3676F17D0253000A32E70 /* CKRubricCriterion.m in Sources */ = {isa = PBXBuildFile; fileRef = 80B3676E17D0253000A32E70 /* CKRubricCriterion.m */; };
		80B3677B17D02A6500A32E70 /* rubric_criterion.json in Resources */ = {isa = PBXBuildFile; fileRef = 80B3677A17D02A6500A32E70 /* rubric_criterion.json */; };
		80B3677D17D02AB800A32E70 /* model_string.json in Resources */ = {isa = PBXBuildFile; fileRef = 80B3677C17D02AB800A32E70 /* model_string.json */; };
		80BA049F17E0E41000D11B5F /* Helpers.h in Resources */ = {isa = PBXBuildFile; fileRef = 80E3C09817C6EFAE0056EA62 /* Helpers.h */; };
		80C63B8C17FCA1C700DEB92A /* CKClientSpec.m in Sources */ = {isa = PBXBuildFile; fileRef = 80C63B8B17FCA1C700DEB92A /* CKClientSpec.m */; };
		80C7D9F017CEDC4300915729 /* lock_info.json in Resources */ = {isa = PBXBuildFile; fileRef = 80C7D9EF17CEDC4300915729 /* lock_info.json */; };
		80C8471117E1141F00AF25AE /* NSDictionary+DictionaryByAddingObjectsFromDictionary.m in Sources */ = {isa = PBXBuildFile; fileRef = 80C8471017E1141F00AF25AE /* NSDictionary+DictionaryByAddingObjectsFromDictionary.m */; };
		80D16607180C404F00D265C2 /* CKFolder+Networking.m in Sources */ = {isa = PBXBuildFile; fileRef = 80D16606180C404F00D265C2 /* CKFolder+Networking.m */; };
		80D16608180C405400D265C2 /* CKFolder+Networking.m in Sources */ = {isa = PBXBuildFile; fileRef = 80D16606180C404F00D265C2 /* CKFolder+Networking.m */; };
		80D1660A180C9D5700D265C2 /* CKFolder+NetworkingSpec.m in Sources */ = {isa = PBXBuildFile; fileRef = 80D16609180C9D5700D265C2 /* CKFolder+NetworkingSpec.m */; };
		80E06FC71805F4FB009CD10B /* CKFileSpec.m in Sources */ = {isa = PBXBuildFile; fileRef = 80E06FC61805F4FB009CD10B /* CKFileSpec.m */; };
		80E06FCD1806152F009CD10B /* CKFile+NetworkingSpec.m in Sources */ = {isa = PBXBuildFile; fileRef = 80E06FCC1806152F009CD10B /* CKFile+NetworkingSpec.m */; };
		80E06FD018061587009CD10B /* CKFile+Networking.m in Sources */ = {isa = PBXBuildFile; fileRef = 80E06FCF18061587009CD10B /* CKFile+Networking.m */; };
		80E06FD11806158E009CD10B /* CKFile+Networking.m in Sources */ = {isa = PBXBuildFile; fileRef = 80E06FCF18061587009CD10B /* CKFile+Networking.m */; };
		80E3C09A17C6EFAE0056EA62 /* Helpers.m in Sources */ = {isa = PBXBuildFile; fileRef = 80E3C09917C6EFAE0056EA62 /* Helpers.m */; };
		80F1E0E117FB6BBE005E71E1 /* CKGroup.m in Sources */ = {isa = PBXBuildFile; fileRef = 80F1E0E017FB6BBE005E71E1 /* CKGroup.m */; };
		80F1E0E317FB6BDE005E71E1 /* CKGroupSpec.m in Sources */ = {isa = PBXBuildFile; fileRef = 80F1E0E217FB6BDE005E71E1 /* CKGroupSpec.m */; };
		80F1E0E517FB6F22005E71E1 /* CKGroup.m in Sources */ = {isa = PBXBuildFile; fileRef = 80F1E0E017FB6BBE005E71E1 /* CKGroup.m */; };
		80F1E0E717FB75DC005E71E1 /* group.json in Resources */ = {isa = PBXBuildFile; fileRef = 80F1E0E617FB75DC005E71E1 /* group.json */; };
		BD158FF617E8F0B5008887E3 /* CKTodoItem.m in Sources */ = {isa = PBXBuildFile; fileRef = BD158FF517E8F0B5008887E3 /* CKTodoItem.m */; };
		BD158FF717E8F0B5008887E3 /* CKTodoItem.m in Sources */ = {isa = PBXBuildFile; fileRef = BD158FF517E8F0B5008887E3 /* CKTodoItem.m */; };
		BD158FFA17E8F8CF008887E3 /* CKTodoItem+Networking.m in Sources */ = {isa = PBXBuildFile; fileRef = BD158FF917E8F8CF008887E3 /* CKTodoItem+Networking.m */; };
		BD158FFB17E8F8CF008887E3 /* CKTodoItem+Networking.m in Sources */ = {isa = PBXBuildFile; fileRef = BD158FF917E8F8CF008887E3 /* CKTodoItem+Networking.m */; };
		BD15900417E91681008887E3 /* CKCalendarEvent.m in Sources */ = {isa = PBXBuildFile; fileRef = BD15900317E91681008887E3 /* CKCalendarEvent.m */; };
		BD15900517E91681008887E3 /* CKCalendarEvent.m in Sources */ = {isa = PBXBuildFile; fileRef = BD15900317E91681008887E3 /* CKCalendarEvent.m */; };
		BD15900917E9F74A008887E3 /* calendar_event.json in Resources */ = {isa = PBXBuildFile; fileRef = BD15900817E9F74A008887E3 /* calendar_event.json */; };
		BD15900C17EA0679008887E3 /* CKCalendarEvent+Networking.m in Sources */ = {isa = PBXBuildFile; fileRef = BD15900B17EA0679008887E3 /* CKCalendarEvent+Networking.m */; };
		BD15900D17EA0679008887E3 /* CKCalendarEvent+Networking.m in Sources */ = {isa = PBXBuildFile; fileRef = BD15900B17EA0679008887E3 /* CKCalendarEvent+Networking.m */; };
		BD18757C17E0D7AE00138469 /* CKCourse.m in Sources */ = {isa = PBXBuildFile; fileRef = BD18757B17E0D7AE00138469 /* CKCourse.m */; };
		BD18758417E0E53B00138469 /* course.json in Resources */ = {isa = PBXBuildFile; fileRef = BD18758317E0E53B00138469 /* course.json */; };
		BD32B5CE17E7659800E0CF49 /* courses_array.json in Resources */ = {isa = PBXBuildFile; fileRef = BD32B5CD17E7659800E0CF49 /* courses_array.json */; };
		BD661D9517E784B9004210DD /* oauth_user_data.json in Resources */ = {isa = PBXBuildFile; fileRef = BD661D9417E784B9004210DD /* oauth_user_data.json */; };
		BD661D9E17E78772004210DD /* CKAssignment+Networking.m in Sources */ = {isa = PBXBuildFile; fileRef = BD661D9717E78772004210DD /* CKAssignment+Networking.m */; };
		BD661D9F17E78772004210DD /* CKClient.m in Sources */ = {isa = PBXBuildFile; fileRef = BD661D9917E78772004210DD /* CKClient.m */; };
		BD661DA017E78772004210DD /* CKCourse+Networking.m in Sources */ = {isa = PBXBuildFile; fileRef = BD661D9B17E78772004210DD /* CKCourse+Networking.m */; };
		BD661DA117E78772004210DD /* CKLocalUser+Networking.m in Sources */ = {isa = PBXBuildFile; fileRef = BD661D9D17E78772004210DD /* CKLocalUser+Networking.m */; };
		BD661DA417E789DE004210DD /* CKLoginViewController.m in Sources */ = {isa = PBXBuildFile; fileRef = BD661DA317E789DE004210DD /* CKLoginViewController.m */; };
		BD7907B217EA364B006D12D9 /* CKAssignmentGroup.m in Sources */ = {isa = PBXBuildFile; fileRef = BD7907B117EA364B006D12D9 /* CKAssignmentGroup.m */; };
		BD7907B317EA364B006D12D9 /* CKAssignmentGroup.m in Sources */ = {isa = PBXBuildFile; fileRef = BD7907B117EA364B006D12D9 /* CKAssignmentGroup.m */; };
		BD7907B517EA3956006D12D9 /* assignment_group_with_assignments.json in Resources */ = {isa = PBXBuildFile; fileRef = BD7907B417EA3956006D12D9 /* assignment_group_with_assignments.json */; };
		BD95240117E2228700C02646 /* CKLocalUser.m in Sources */ = {isa = PBXBuildFile; fileRef = BD95240017E2228700C02646 /* CKLocalUser.m */; };
		BD95240617E2291B00C02646 /* CanvasKit.m in Sources */ = {isa = PBXBuildFile; fileRef = BD95240517E2291B00C02646 /* CanvasKit.m */; };
		BD99E77017E8A15E00AEC79C /* CKTab.m in Sources */ = {isa = PBXBuildFile; fileRef = BD99E76F17E8A15E00AEC79C /* CKTab.m */; };
		BD99E77517E8A41300AEC79C /* tab.json in Resources */ = {isa = PBXBuildFile; fileRef = BD99E77417E8A41300AEC79C /* tab.json */; };
		BD99E77617E8A79100AEC79C /* CKTab.m in Sources */ = {isa = PBXBuildFile; fileRef = BD99E76F17E8A15E00AEC79C /* CKTab.m */; };
		BD99E77817E8AAB100AEC79C /* tabs_array.json in Resources */ = {isa = PBXBuildFile; fileRef = BD99E77717E8AAB100AEC79C /* tabs_array.json */; };
		BD99E77B17E8ABD200AEC79C /* CKFavorite.m in Sources */ = {isa = PBXBuildFile; fileRef = BD99E77A17E8ABD200AEC79C /* CKFavorite.m */; };
		BD99E77C17E8ABD200AEC79C /* CKFavorite.m in Sources */ = {isa = PBXBuildFile; fileRef = BD99E77A17E8ABD200AEC79C /* CKFavorite.m */; };
		BD99E77E17E8AC5D00AEC79C /* favorite.json in Resources */ = {isa = PBXBuildFile; fileRef = BD99E77D17E8AC5D00AEC79C /* favorite.json */; };
		BD99E78E17E8DE1300AEC79C /* CKTab+Networking.m in Sources */ = {isa = PBXBuildFile; fileRef = BD99E78D17E8DE1300AEC79C /* CKTab+Networking.m */; };
		BD99E79117E8DF4A00AEC79C /* CKFavorite+Networking.m in Sources */ = {isa = PBXBuildFile; fileRef = BD99E79017E8DF4A00AEC79C /* CKFavorite+Networking.m */; };
		BDB4B8BF17E236330097D4AC /* NSString+CKAdditions.m in Sources */ = {isa = PBXBuildFile; fileRef = BDB4B8BE17E236330097D4AC /* NSString+CKAdditions.m */; };
		BDB4B8C017E236330097D4AC /* NSString+CKAdditions.m in Sources */ = {isa = PBXBuildFile; fileRef = BDB4B8BE17E236330097D4AC /* NSString+CKAdditions.m */; };
		BDB4B91D17E3B9DC0097D4AC /* CKLockInfo.m in Sources */ = {isa = PBXBuildFile; fileRef = 80C7D9EB17CED9B300915729 /* CKLockInfo.m */; };
		BDB4B91F17E3BA6E0097D4AC /* NSValueTransformer+CKPredefinedTransformerAdditions.m in Sources */ = {isa = PBXBuildFile; fileRef = 808A0DC517CBCADA0000654F /* NSValueTransformer+CKPredefinedTransformerAdditions.m */; };
		BDB4B92017E3BA6E0097D4AC /* NSDictionary+DictionaryByAddingObjectsFromDictionary.m in Sources */ = {isa = PBXBuildFile; fileRef = 80C8471017E1141F00AF25AE /* NSDictionary+DictionaryByAddingObjectsFromDictionary.m */; };
		BDB4B92517E3BA760097D4AC /* CKModel.m in Sources */ = {isa = PBXBuildFile; fileRef = 8024E19E17C6AE7D0031E0F4 /* CKModel.m */; };
		BDB4B92617E3BA760097D4AC /* CKAssignment.m in Sources */ = {isa = PBXBuildFile; fileRef = 809808BC17C6D9BB00FC3BF6 /* CKAssignment.m */; };
		BDB4B92717E3BA760097D4AC /* CKRubricCriterion.m in Sources */ = {isa = PBXBuildFile; fileRef = 80B3676E17D0253000A32E70 /* CKRubricCriterion.m */; };
		BDB4B92817E3BA760097D4AC /* CKRubricCriterionRating.m in Sources */ = {isa = PBXBuildFile; fileRef = 8032829E17D03380001E73FA /* CKRubricCriterionRating.m */; };
		BDB4B92917E3BA760097D4AC /* CKLockableModel.m in Sources */ = {isa = PBXBuildFile; fileRef = 802837EF17CCF2BF0019FE30 /* CKLockableModel.m */; };
		BDB4B92A17E3BA760097D4AC /* CKLockInfo.m in Sources */ = {isa = PBXBuildFile; fileRef = 80C7D9EB17CED9B300915729 /* CKLockInfo.m */; };
		BDB4B92B17E3BA760097D4AC /* CKSubmission.m in Sources */ = {isa = PBXBuildFile; fileRef = 803282A717D05C7D001E73FA /* CKSubmission.m */; };
		BDB4B92C17E3BA760097D4AC /* CKUser.m in Sources */ = {isa = PBXBuildFile; fileRef = 80538A2617DD1A20009095F2 /* CKUser.m */; };
		BDB4B92D17E3BA760097D4AC /* CKSubmissionComment.m in Sources */ = {isa = PBXBuildFile; fileRef = 80538A1D17DD132A009095F2 /* CKSubmissionComment.m */; };
		BDB4B92E17E3BA760097D4AC /* CKCourse.m in Sources */ = {isa = PBXBuildFile; fileRef = BD18757B17E0D7AE00138469 /* CKCourse.m */; };
		BDB4B92F17E3BA760097D4AC /* CKPage.m in Sources */ = {isa = PBXBuildFile; fileRef = 8026FC4117E0DDC000126518 /* CKPage.m */; };
		BDB4B93017E3BA760097D4AC /* CKModule.m in Sources */ = {isa = PBXBuildFile; fileRef = 80785A0D17E1365700339A06 /* CKModule.m */; };
		BDB4B93117E3BA760097D4AC /* CKModuleItem.m in Sources */ = {isa = PBXBuildFile; fileRef = 80785A1217E146B000339A06 /* CKModuleItem.m */; };
		BDB4B93217E3BA760097D4AC /* CKLocalUser.m in Sources */ = {isa = PBXBuildFile; fileRef = BD95240017E2228700C02646 /* CKLocalUser.m */; };
		BDB4B93317E3BA790097D4AC /* CanvasKit.m in Sources */ = {isa = PBXBuildFile; fileRef = BD95240517E2291B00C02646 /* CanvasKit.m */; };
		BDB4B93F17E3BABD0097D4AC /* libPods.a in Frameworks */ = {isa = PBXBuildFile; fileRef = BDB4B93917E3BABD0097D4AC /* libPods.a */; };
		BDC8B61417E8099100A63864 /* XCTest.framework in Frameworks */ = {isa = PBXBuildFile; fileRef = 809DC72F17C694EC0089E846 /* XCTest.framework */; };
		BDF67B3317EBA378008AE5F5 /* CKFile.m in Sources */ = {isa = PBXBuildFile; fileRef = BDF67B3217EBA378008AE5F5 /* CKFile.m */; };
		BDF67B3517EBA84C008AE5F5 /* file.json in Resources */ = {isa = PBXBuildFile; fileRef = BDF67B3417EBA84C008AE5F5 /* file.json */; };
		BDF67B3817EBA8AC008AE5F5 /* CKFile.m in Sources */ = {isa = PBXBuildFile; fileRef = BDF67B3217EBA378008AE5F5 /* CKFile.m */; };
		BDF67B3B17EBAD3E008AE5F5 /* CKFolder.m in Sources */ = {isa = PBXBuildFile; fileRef = BDF67B3A17EBAD3E008AE5F5 /* CKFolder.m */; };
		BDF67B3C17EBAD3E008AE5F5 /* CKFolder.m in Sources */ = {isa = PBXBuildFile; fileRef = BDF67B3A17EBAD3E008AE5F5 /* CKFolder.m */; };
		BDF67B4217EBAFCF008AE5F5 /* folder.json in Resources */ = {isa = PBXBuildFile; fileRef = BDF67B4117EBAFCF008AE5F5 /* folder.json */; };
		BDFB333E17E78BEE000C6C13 /* CKClient.m in Sources */ = {isa = PBXBuildFile; fileRef = BD661D9917E78772004210DD /* CKClient.m */; };
		BDFB333F17E78C0D000C6C13 /* CKAssignment+Networking.m in Sources */ = {isa = PBXBuildFile; fileRef = BD661D9717E78772004210DD /* CKAssignment+Networking.m */; };
		BDFB334017E78C12000C6C13 /* CKCourse+Networking.m in Sources */ = {isa = PBXBuildFile; fileRef = BD661D9B17E78772004210DD /* CKCourse+Networking.m */; };
		BDFB334117E78C15000C6C13 /* CKLocalUser+Networking.m in Sources */ = {isa = PBXBuildFile; fileRef = BD661D9D17E78772004210DD /* CKLocalUser+Networking.m */; };
		BDFB334317E78C35000C6C13 /* CKLoginViewController.m in Sources */ = {isa = PBXBuildFile; fileRef = BD661DA317E789DE004210DD /* CKLoginViewController.m */; };
		BDFB334617E79698000C6C13 /* CKSubmission+Networking.m in Sources */ = {isa = PBXBuildFile; fileRef = BDFB334517E79698000C6C13 /* CKSubmission+Networking.m */; };
		BDFB334717E79698000C6C13 /* CKSubmission+Networking.m in Sources */ = {isa = PBXBuildFile; fileRef = BDFB334517E79698000C6C13 /* CKSubmission+Networking.m */; };
		BDFB334917E7A70B000C6C13 /* users_array.json in Resources */ = {isa = PBXBuildFile; fileRef = BDFB334817E7A70B000C6C13 /* users_array.json */; };
		BDFB335117E7E472000C6C13 /* todo_item.json in Resources */ = {isa = PBXBuildFile; fileRef = BDFB335017E7E472000C6C13 /* todo_item.json */; };
		E8B6E91120864A62A6D42770 /* libPods-CanvasKitTests.a in Frameworks */ = {isa = PBXBuildFile; fileRef = 7A7373B900534292A61BF551 /* libPods-CanvasKitTests.a */; };
		F26D6813C18343709DB2F5F8 /* libPods.a in Frameworks */ = {isa = PBXBuildFile; fileRef = 3112BE272369450EB9E316EE /* libPods.a */; };
/* End PBXBuildFile section */

/* Begin PBXContainerItemProxy section */
		809DC73417C694EC0089E846 /* PBXContainerItemProxy */ = {
			isa = PBXContainerItemProxy;
			containerPortal = 809DC71617C694EC0089E846 /* Project object */;
			proxyType = 1;
			remoteGlobalIDString = 809DC71D17C694EC0089E846;
			remoteInfo = CanvasKit;
		};
/* End PBXContainerItemProxy section */

/* Begin PBXCopyFilesBuildPhase section */
		809DC71C17C694EC0089E846 /* CopyFiles */ = {
			isa = PBXCopyFilesBuildPhase;
			buildActionMask = 2147483647;
			dstPath = "include/$(PRODUCT_NAME)";
			dstSubfolderSpec = 16;
			files = (
				809DC72717C694EC0089E846 /* CanvasKit.h in CopyFiles */,
			);
			runOnlyForDeploymentPostprocessing = 0;
		};
/* End PBXCopyFilesBuildPhase section */

/* Begin PBXFileReference section */
		241437471804A59300047474 /* CKQuiz+Networking.h */ = {isa = PBXFileReference; fileEncoding = 4; lastKnownFileType = sourcecode.c.h; path = "CKQuiz+Networking.h"; sourceTree = "<group>"; };
		241437481804A59300047474 /* CKQuiz+Networking.m */ = {isa = PBXFileReference; fileEncoding = 4; lastKnownFileType = sourcecode.c.objc; path = "CKQuiz+Networking.m"; sourceTree = "<group>"; };
		2414374B1804B9E500047474 /* CKQuiz+NetworkingSpec.m */ = {isa = PBXFileReference; fileEncoding = 4; lastKnownFileType = sourcecode.c.objc; path = "CKQuiz+NetworkingSpec.m"; sourceTree = "<group>"; };
		24B91A7E17FCB01800D5FF60 /* CKISO8601DateMatcher.h */ = {isa = PBXFileReference; fileEncoding = 4; lastKnownFileType = sourcecode.c.h; path = CKISO8601DateMatcher.h; sourceTree = "<group>"; };
		24B91A7F17FCB01800D5FF60 /* CKISO8601DateMatcher.m */ = {isa = PBXFileReference; fileEncoding = 4; lastKnownFileType = sourcecode.c.objc; path = CKISO8601DateMatcher.m; sourceTree = "<group>"; };
		24D5435C17FCA4B90056096D /* quiz.json */ = {isa = PBXFileReference; fileEncoding = 4; lastKnownFileType = text.json; path = quiz.json; sourceTree = "<group>"; };
		24D5435E17FCA4DA0056096D /* CKQuiz.h */ = {isa = PBXFileReference; fileEncoding = 4; lastKnownFileType = sourcecode.c.h; path = CKQuiz.h; sourceTree = "<group>"; };
		24D5435F17FCA4DA0056096D /* CKQuiz.m */ = {isa = PBXFileReference; fileEncoding = 4; lastKnownFileType = sourcecode.c.objc; path = CKQuiz.m; sourceTree = "<group>"; };
		24D5436117FCA5630056096D /* CKQuizSpec.m */ = {isa = PBXFileReference; fileEncoding = 4; lastKnownFileType = sourcecode.c.objc; path = CKQuizSpec.m; sourceTree = "<group>"; };
		2C4C27CC89F849148BEC406C /* Pods-CanvasKitTests.xcconfig */ = {isa = PBXFileReference; includeInIndex = 1; lastKnownFileType = text.xcconfig; name = "Pods-CanvasKitTests.xcconfig"; path = "Pods/Pods-CanvasKitTests.xcconfig"; sourceTree = SOURCE_ROOT; };
		3112BE272369450EB9E316EE /* libPods.a */ = {isa = PBXFileReference; explicitFileType = archive.ar; includeInIndex = 0; path = libPods.a; sourceTree = BUILT_PRODUCTS_DIR; };
		4910CE9717E8E72000A6A73E /* CKContext.h */ = {isa = PBXFileReference; fileEncoding = 4; lastKnownFileType = sourcecode.c.h; path = CKContext.h; sourceTree = "<group>"; };
		4910CE9A17E8F3D000A6A73E /* CKAPIV1.h */ = {isa = PBXFileReference; fileEncoding = 4; lastKnownFileType = sourcecode.c.h; path = CKAPIV1.h; sourceTree = "<group>"; };
		4910CE9B17E8F3D000A6A73E /* CKAPIV1.m */ = {isa = PBXFileReference; fileEncoding = 4; lastKnownFileType = sourcecode.c.objc; path = CKAPIV1.m; sourceTree = "<group>"; };
		496C9A0217E0EAF500E5DB70 /* CoreGraphics.framework */ = {isa = PBXFileReference; lastKnownFileType = wrapper.framework; name = CoreGraphics.framework; path = System/Library/Frameworks/CoreGraphics.framework; sourceTree = SDKROOT; };
		496C9A0A17E1080F00E5DB70 /* CKClient+TestingClient.h */ = {isa = PBXFileReference; fileEncoding = 4; lastKnownFileType = sourcecode.c.h; path = "CKClient+TestingClient.h"; sourceTree = "<group>"; };
		496C9A0B17E1080F00E5DB70 /* CKClient+TestingClient.m */ = {isa = PBXFileReference; fileEncoding = 4; lastKnownFileType = sourcecode.c.objc; path = "CKClient+TestingClient.m"; sourceTree = "<group>"; };
		499B4A2517F22C9F00E211C9 /* CanvasKitTestBundle.app */ = {isa = PBXFileReference; explicitFileType = wrapper.application; includeInIndex = 0; path = CanvasKitTestBundle.app; sourceTree = BUILT_PRODUCTS_DIR; };
		499B4A2B17F22C9F00E211C9 /* CanvasKitTestBundle-Info.plist */ = {isa = PBXFileReference; lastKnownFileType = text.plist.xml; path = "CanvasKitTestBundle-Info.plist"; sourceTree = "<group>"; };
		499B4A2D17F22C9F00E211C9 /* en */ = {isa = PBXFileReference; lastKnownFileType = text.plist.strings; name = en; path = en.lproj/InfoPlist.strings; sourceTree = "<group>"; };
		499B4A2F17F22C9F00E211C9 /* main.m */ = {isa = PBXFileReference; lastKnownFileType = sourcecode.c.objc; path = main.m; sourceTree = "<group>"; };
		499B4A3117F22C9F00E211C9 /* CanvasKitTestBundle-Prefix.pch */ = {isa = PBXFileReference; lastKnownFileType = sourcecode.c.h; path = "CanvasKitTestBundle-Prefix.pch"; sourceTree = "<group>"; };
		499B4A3217F22C9F00E211C9 /* AppDelegate.h */ = {isa = PBXFileReference; lastKnownFileType = sourcecode.c.h; path = AppDelegate.h; sourceTree = "<group>"; };
		499B4A3317F22C9F00E211C9 /* AppDelegate.m */ = {isa = PBXFileReference; lastKnownFileType = sourcecode.c.objc; path = AppDelegate.m; sourceTree = "<group>"; };
		499B4A3517F22C9F00E211C9 /* Images.xcassets */ = {isa = PBXFileReference; lastKnownFileType = folder.assetcatalog; path = Images.xcassets; sourceTree = "<group>"; };
		49D211F617E22326006359A7 /* submission_array.json */ = {isa = PBXFileReference; fileEncoding = 4; lastKnownFileType = text.json; path = submission_array.json; sourceTree = "<group>"; };
		7A7373B900534292A61BF551 /* libPods-CanvasKitTests.a */ = {isa = PBXFileReference; explicitFileType = archive.ar; includeInIndex = 0; path = "libPods-CanvasKitTests.a"; sourceTree = BUILT_PRODUCTS_DIR; };
		80061C1617FDFC3100A8CDFF /* CKGroup+Networking.h */ = {isa = PBXFileReference; fileEncoding = 4; lastKnownFileType = sourcecode.c.h; path = "CKGroup+Networking.h"; sourceTree = "<group>"; };
		80061C1717FDFC3100A8CDFF /* CKGroup+Networking.m */ = {isa = PBXFileReference; fileEncoding = 4; lastKnownFileType = sourcecode.c.objc; path = "CKGroup+Networking.m"; sourceTree = "<group>"; };
		80061C1B17FE05F300A8CDFF /* CKGroup+NetworkingSpec.m */ = {isa = PBXFileReference; fileEncoding = 4; lastKnownFileType = sourcecode.c.objc; path = "CKGroup+NetworkingSpec.m"; sourceTree = "<group>"; };
		800B2F0117FE39570069D0CC /* CKModuleItem+Networking.h */ = {isa = PBXFileReference; fileEncoding = 4; lastKnownFileType = sourcecode.c.h; path = "CKModuleItem+Networking.h"; sourceTree = "<group>"; };
		800B2F0217FE39570069D0CC /* CKModuleItem+Networking.m */ = {isa = PBXFileReference; fileEncoding = 4; lastKnownFileType = sourcecode.c.objc; path = "CKModuleItem+Networking.m"; sourceTree = "<group>"; };
		800B2F0517FE3B970069D0CC /* CKModuleItem+NetworkingSpec.m */ = {isa = PBXFileReference; fileEncoding = 4; lastKnownFileType = sourcecode.c.objc; path = "CKModuleItem+NetworkingSpec.m"; sourceTree = "<group>"; };
		8024E19D17C6AE7D0031E0F4 /* CKModel.h */ = {isa = PBXFileReference; fileEncoding = 4; lastKnownFileType = sourcecode.c.h; path = CKModel.h; sourceTree = "<group>"; };
		8024E19E17C6AE7D0031E0F4 /* CKModel.m */ = {isa = PBXFileReference; fileEncoding = 4; lastKnownFileType = sourcecode.c.objc; path = CKModel.m; sourceTree = "<group>"; };
		8026FC3C17E0DD4100126518 /* page.json */ = {isa = PBXFileReference; fileEncoding = 4; lastKnownFileType = text.json; path = page.json; sourceTree = "<group>"; };
		8026FC4017E0DDC000126518 /* CKPage.h */ = {isa = PBXFileReference; fileEncoding = 4; lastKnownFileType = sourcecode.c.h; path = CKPage.h; sourceTree = "<group>"; };
		8026FC4117E0DDC000126518 /* CKPage.m */ = {isa = PBXFileReference; fileEncoding = 4; lastKnownFileType = sourcecode.c.objc; path = CKPage.m; sourceTree = "<group>"; };
		802837EE17CCF2BF0019FE30 /* CKLockableModel.h */ = {isa = PBXFileReference; fileEncoding = 4; lastKnownFileType = sourcecode.c.h; path = CKLockableModel.h; sourceTree = "<group>"; };
		802837EF17CCF2BF0019FE30 /* CKLockableModel.m */ = {isa = PBXFileReference; fileEncoding = 4; lastKnownFileType = sourcecode.c.objc; path = CKLockableModel.m; sourceTree = "<group>"; };
		8031533517ECF3B400F4C294 /* NSHTTPURLResponsePaginationSpec.m */ = {isa = PBXFileReference; fileEncoding = 4; lastKnownFileType = sourcecode.c.objc; path = NSHTTPURLResponsePaginationSpec.m; sourceTree = "<group>"; };
		8032829D17D03380001E73FA /* CKRubricCriterionRating.h */ = {isa = PBXFileReference; fileEncoding = 4; lastKnownFileType = sourcecode.c.h; path = CKRubricCriterionRating.h; sourceTree = "<group>"; };
		8032829E17D03380001E73FA /* CKRubricCriterionRating.m */ = {isa = PBXFileReference; fileEncoding = 4; lastKnownFileType = sourcecode.c.objc; path = CKRubricCriterionRating.m; sourceTree = "<group>"; };
		803282A417D03646001E73FA /* rubric_criterion_rating.json */ = {isa = PBXFileReference; fileEncoding = 4; lastKnownFileType = text.json; path = rubric_criterion_rating.json; sourceTree = "<group>"; };
		803282A617D05C7D001E73FA /* CKSubmission.h */ = {isa = PBXFileReference; fileEncoding = 4; lastKnownFileType = sourcecode.c.h; path = CKSubmission.h; sourceTree = "<group>"; };
		803282A717D05C7D001E73FA /* CKSubmission.m */ = {isa = PBXFileReference; fileEncoding = 4; lastKnownFileType = sourcecode.c.objc; path = CKSubmission.m; sourceTree = "<group>"; };
		803282AB17D0606D001E73FA /* submission.json */ = {isa = PBXFileReference; fileEncoding = 4; lastKnownFileType = text.json; path = submission.json; sourceTree = "<group>"; };
		804904BD18048B7B00BB8978 /* CKUser+Networking.h */ = {isa = PBXFileReference; fileEncoding = 4; lastKnownFileType = sourcecode.c.h; path = "CKUser+Networking.h"; sourceTree = "<group>"; };
		804904BE18048B7B00BB8978 /* CKUser+Networking.m */ = {isa = PBXFileReference; fileEncoding = 4; lastKnownFileType = sourcecode.c.objc; path = "CKUser+Networking.m"; sourceTree = "<group>"; };
		804904C118048B9B00BB8978 /* CKUserSpec.m */ = {isa = PBXFileReference; fileEncoding = 4; lastKnownFileType = sourcecode.c.objc; path = CKUserSpec.m; sourceTree = "<group>"; };
		80538A1C17DD132A009095F2 /* CKSubmissionComment.h */ = {isa = PBXFileReference; fileEncoding = 4; lastKnownFileType = sourcecode.c.h; path = CKSubmissionComment.h; sourceTree = "<group>"; };
		80538A1D17DD132A009095F2 /* CKSubmissionComment.m */ = {isa = PBXFileReference; fileEncoding = 4; lastKnownFileType = sourcecode.c.objc; path = CKSubmissionComment.m; sourceTree = "<group>"; };
		80538A2117DD1427009095F2 /* submission_comment.json */ = {isa = PBXFileReference; fileEncoding = 4; lastKnownFileType = text.json; path = submission_comment.json; sourceTree = "<group>"; };
		80538A2317DD1931009095F2 /* user.json */ = {isa = PBXFileReference; fileEncoding = 4; lastKnownFileType = text.json; path = user.json; sourceTree = "<group>"; };
		80538A2517DD1A20009095F2 /* CKUser.h */ = {isa = PBXFileReference; fileEncoding = 4; lastKnownFileType = sourcecode.c.h; path = CKUser.h; sourceTree = "<group>"; };
		80538A2617DD1A20009095F2 /* CKUser.m */ = {isa = PBXFileReference; fileEncoding = 4; lastKnownFileType = sourcecode.c.objc; path = CKUser.m; sourceTree = "<group>"; };
		8057D2E817E25B85002AAED2 /* CKPage+Networking.h */ = {isa = PBXFileReference; fileEncoding = 4; lastKnownFileType = sourcecode.c.h; path = "CKPage+Networking.h"; sourceTree = "<group>"; };
		8057D2E917E25B85002AAED2 /* CKPage+Networking.m */ = {isa = PBXFileReference; fileEncoding = 4; lastKnownFileType = sourcecode.c.objc; path = "CKPage+Networking.m"; sourceTree = "<group>"; };
		805E1E5F17EA334F0055EA0C /* CKPagedResponse.h */ = {isa = PBXFileReference; fileEncoding = 4; lastKnownFileType = sourcecode.c.h; path = CKPagedResponse.h; sourceTree = "<group>"; };
		805E1E6017EA334F0055EA0C /* CKPagedResponse.m */ = {isa = PBXFileReference; fileEncoding = 4; lastKnownFileType = sourcecode.c.objc; path = CKPagedResponse.m; sourceTree = "<group>"; };
		80785A0817E135ED00339A06 /* module.json */ = {isa = PBXFileReference; fileEncoding = 4; lastKnownFileType = text.json; path = module.json; sourceTree = "<group>"; };
		80785A0C17E1365700339A06 /* CKModule.h */ = {isa = PBXFileReference; fileEncoding = 4; lastKnownFileType = sourcecode.c.h; path = CKModule.h; sourceTree = "<group>"; };
		80785A0D17E1365700339A06 /* CKModule.m */ = {isa = PBXFileReference; fileEncoding = 4; lastKnownFileType = sourcecode.c.objc; path = CKModule.m; sourceTree = "<group>"; };
		80785A0F17E13DE900339A06 /* module_item.json */ = {isa = PBXFileReference; fileEncoding = 4; lastKnownFileType = text.json; path = module_item.json; sourceTree = "<group>"; };
		80785A1117E146B000339A06 /* CKModuleItem.h */ = {isa = PBXFileReference; fileEncoding = 4; lastKnownFileType = sourcecode.c.h; path = CKModuleItem.h; sourceTree = "<group>"; };
		80785A1217E146B000339A06 /* CKModuleItem.m */ = {isa = PBXFileReference; fileEncoding = 4; lastKnownFileType = sourcecode.c.objc; path = CKModuleItem.m; sourceTree = "<group>"; };
		808A0DC417CBCADA0000654F /* NSValueTransformer+CKPredefinedTransformerAdditions.h */ = {isa = PBXFileReference; fileEncoding = 4; lastKnownFileType = sourcecode.c.h; path = "NSValueTransformer+CKPredefinedTransformerAdditions.h"; sourceTree = "<group>"; };
		808A0DC517CBCADA0000654F /* NSValueTransformer+CKPredefinedTransformerAdditions.m */ = {isa = PBXFileReference; fileEncoding = 4; lastKnownFileType = sourcecode.c.objc; path = "NSValueTransformer+CKPredefinedTransformerAdditions.m"; sourceTree = "<group>"; };
		809808BB17C6D9BB00FC3BF6 /* CKAssignment.h */ = {isa = PBXFileReference; fileEncoding = 4; lastKnownFileType = sourcecode.c.h; path = CKAssignment.h; sourceTree = "<group>"; };
		809808BC17C6D9BB00FC3BF6 /* CKAssignment.m */ = {isa = PBXFileReference; fileEncoding = 4; lastKnownFileType = sourcecode.c.objc; path = CKAssignment.m; sourceTree = "<group>"; };
		809808C117C6DD1400FC3BF6 /* assignment.json */ = {isa = PBXFileReference; fileEncoding = 4; lastKnownFileType = text.json; path = assignment.json; sourceTree = "<group>"; };
		809876E7180493E4001D01BC /* CKUser+NetworkingSpec.m */ = {isa = PBXFileReference; fileEncoding = 4; lastKnownFileType = sourcecode.c.objc; path = "CKUser+NetworkingSpec.m"; sourceTree = "<group>"; };
		809A664317EB93F2005C5855 /* NSHTTPURLResponse+Pagination.h */ = {isa = PBXFileReference; fileEncoding = 4; lastKnownFileType = sourcecode.c.h; path = "NSHTTPURLResponse+Pagination.h"; sourceTree = "<group>"; };
		809A664417EB93F2005C5855 /* NSHTTPURLResponse+Pagination.m */ = {isa = PBXFileReference; fileEncoding = 4; lastKnownFileType = sourcecode.c.objc; path = "NSHTTPURLResponse+Pagination.m"; sourceTree = "<group>"; };
		809DC71E17C694EC0089E846 /* libCanvasKit.a */ = {isa = PBXFileReference; explicitFileType = archive.ar; includeInIndex = 0; path = libCanvasKit.a; sourceTree = BUILT_PRODUCTS_DIR; };
		809DC72117C694EC0089E846 /* Foundation.framework */ = {isa = PBXFileReference; lastKnownFileType = wrapper.framework; name = Foundation.framework; path = System/Library/Frameworks/Foundation.framework; sourceTree = SDKROOT; };
		809DC72517C694EC0089E846 /* CanvasKit-Prefix.pch */ = {isa = PBXFileReference; lastKnownFileType = sourcecode.c.h; name = "CanvasKit-Prefix.pch"; path = "Supporting Files/CanvasKit-Prefix.pch"; sourceTree = "<group>"; };
		809DC72617C694EC0089E846 /* CanvasKit.h */ = {isa = PBXFileReference; lastKnownFileType = sourcecode.c.h; path = CanvasKit.h; sourceTree = "<group>"; };
		809DC72E17C694EC0089E846 /* CanvasKitTests.xctest */ = {isa = PBXFileReference; explicitFileType = wrapper.cfbundle; includeInIndex = 0; path = CanvasKitTests.xctest; sourceTree = BUILT_PRODUCTS_DIR; };
		809DC72F17C694EC0089E846 /* XCTest.framework */ = {isa = PBXFileReference; lastKnownFileType = wrapper.framework; name = XCTest.framework; path = Library/Frameworks/XCTest.framework; sourceTree = DEVELOPER_DIR; };
		809DC73217C694EC0089E846 /* UIKit.framework */ = {isa = PBXFileReference; lastKnownFileType = wrapper.framework; name = UIKit.framework; path = Library/Frameworks/UIKit.framework; sourceTree = DEVELOPER_DIR; };
		809DC73917C694EC0089E846 /* CanvasKitTests-Info.plist */ = {isa = PBXFileReference; lastKnownFileType = text.plist.xml; path = "CanvasKitTests-Info.plist"; sourceTree = "<group>"; };
		809DC73B17C694EC0089E846 /* en */ = {isa = PBXFileReference; lastKnownFileType = text.plist.strings; name = en; path = en.lproj/InfoPlist.strings; sourceTree = "<group>"; };
		80A07D7517E425F9001B9EE4 /* CKModule+Networking.h */ = {isa = PBXFileReference; fileEncoding = 4; lastKnownFileType = sourcecode.c.h; path = "CKModule+Networking.h"; sourceTree = "<group>"; };
		80A07D7617E425F9001B9EE4 /* CKModule+Networking.m */ = {isa = PBXFileReference; fileEncoding = 4; lastKnownFileType = sourcecode.c.objc; path = "CKModule+Networking.m"; sourceTree = "<group>"; };
		80A07D7817E42653001B9EE4 /* CKModule+NetworkingSpec.m */ = {isa = PBXFileReference; fileEncoding = 4; lastKnownFileType = sourcecode.c.objc; path = "CKModule+NetworkingSpec.m"; sourceTree = "<group>"; };
		80A8BE6417FF5C15002ED94E /* CKCourse+NetworkingSpec.m */ = {isa = PBXFileReference; fileEncoding = 4; lastKnownFileType = sourcecode.c.objc; path = "CKCourse+NetworkingSpec.m"; sourceTree = "<group>"; };
		80B3676D17D0253000A32E70 /* CKRubricCriterion.h */ = {isa = PBXFileReference; fileEncoding = 4; lastKnownFileType = sourcecode.c.h; path = CKRubricCriterion.h; sourceTree = "<group>"; };
		80B3676E17D0253000A32E70 /* CKRubricCriterion.m */ = {isa = PBXFileReference; fileEncoding = 4; lastKnownFileType = sourcecode.c.objc; path = CKRubricCriterion.m; sourceTree = "<group>"; };
		80B3677A17D02A6500A32E70 /* rubric_criterion.json */ = {isa = PBXFileReference; fileEncoding = 4; lastKnownFileType = text.json; path = rubric_criterion.json; sourceTree = "<group>"; };
		80B3677C17D02AB800A32E70 /* model_string.json */ = {isa = PBXFileReference; fileEncoding = 4; lastKnownFileType = text.json; path = model_string.json; sourceTree = "<group>"; };
		80C63B8B17FCA1C700DEB92A /* CKClientSpec.m */ = {isa = PBXFileReference; fileEncoding = 4; lastKnownFileType = sourcecode.c.objc; name = CKClientSpec.m; path = CanvasKitTests/Networking/CKClientSpec.m; sourceTree = SOURCE_ROOT; };
		80C7D9EA17CED9B300915729 /* CKLockInfo.h */ = {isa = PBXFileReference; fileEncoding = 4; lastKnownFileType = sourcecode.c.h; path = CKLockInfo.h; sourceTree = "<group>"; };
		80C7D9EB17CED9B300915729 /* CKLockInfo.m */ = {isa = PBXFileReference; fileEncoding = 4; lastKnownFileType = sourcecode.c.objc; path = CKLockInfo.m; sourceTree = "<group>"; };
		80C7D9EF17CEDC4300915729 /* lock_info.json */ = {isa = PBXFileReference; fileEncoding = 4; lastKnownFileType = text.json; path = lock_info.json; sourceTree = "<group>"; };
		80C8470F17E1141F00AF25AE /* NSDictionary+DictionaryByAddingObjectsFromDictionary.h */ = {isa = PBXFileReference; fileEncoding = 4; lastKnownFileType = sourcecode.c.h; path = "NSDictionary+DictionaryByAddingObjectsFromDictionary.h"; sourceTree = "<group>"; };
		80C8471017E1141F00AF25AE /* NSDictionary+DictionaryByAddingObjectsFromDictionary.m */ = {isa = PBXFileReference; fileEncoding = 4; lastKnownFileType = sourcecode.c.objc; path = "NSDictionary+DictionaryByAddingObjectsFromDictionary.m"; sourceTree = "<group>"; };
		80D16605180C404F00D265C2 /* CKFolder+Networking.h */ = {isa = PBXFileReference; fileEncoding = 4; lastKnownFileType = sourcecode.c.h; path = "CKFolder+Networking.h"; sourceTree = "<group>"; };
		80D16606180C404F00D265C2 /* CKFolder+Networking.m */ = {isa = PBXFileReference; fileEncoding = 4; lastKnownFileType = sourcecode.c.objc; path = "CKFolder+Networking.m"; sourceTree = "<group>"; };
		80D16609180C9D5700D265C2 /* CKFolder+NetworkingSpec.m */ = {isa = PBXFileReference; fileEncoding = 4; lastKnownFileType = sourcecode.c.objc; path = "CKFolder+NetworkingSpec.m"; sourceTree = "<group>"; };
		80E06FC61805F4FB009CD10B /* CKFileSpec.m */ = {isa = PBXFileReference; fileEncoding = 4; lastKnownFileType = sourcecode.c.objc; path = CKFileSpec.m; sourceTree = "<group>"; };
		80E06FCC1806152F009CD10B /* CKFile+NetworkingSpec.m */ = {isa = PBXFileReference; fileEncoding = 4; lastKnownFileType = sourcecode.c.objc; path = "CKFile+NetworkingSpec.m"; sourceTree = "<group>"; };
		80E06FCE18061587009CD10B /* CKFile+Networking.h */ = {isa = PBXFileReference; fileEncoding = 4; lastKnownFileType = sourcecode.c.h; path = "CKFile+Networking.h"; sourceTree = "<group>"; };
		80E06FCF18061587009CD10B /* CKFile+Networking.m */ = {isa = PBXFileReference; fileEncoding = 4; lastKnownFileType = sourcecode.c.objc; path = "CKFile+Networking.m"; sourceTree = "<group>"; };
		80E3C09817C6EFAE0056EA62 /* Helpers.h */ = {isa = PBXFileReference; fileEncoding = 4; lastKnownFileType = sourcecode.c.h; path = Helpers.h; sourceTree = "<group>"; };
		80E3C09917C6EFAE0056EA62 /* Helpers.m */ = {isa = PBXFileReference; fileEncoding = 4; lastKnownFileType = sourcecode.c.objc; path = Helpers.m; sourceTree = "<group>"; };
		80F1E0DF17FB6BBE005E71E1 /* CKGroup.h */ = {isa = PBXFileReference; fileEncoding = 4; lastKnownFileType = sourcecode.c.h; path = CKGroup.h; sourceTree = "<group>"; };
		80F1E0E017FB6BBE005E71E1 /* CKGroup.m */ = {isa = PBXFileReference; fileEncoding = 4; lastKnownFileType = sourcecode.c.objc; path = CKGroup.m; sourceTree = "<group>"; };
		80F1E0E217FB6BDE005E71E1 /* CKGroupSpec.m */ = {isa = PBXFileReference; fileEncoding = 4; lastKnownFileType = sourcecode.c.objc; path = CKGroupSpec.m; sourceTree = "<group>"; };
		80F1E0E617FB75DC005E71E1 /* group.json */ = {isa = PBXFileReference; fileEncoding = 4; lastKnownFileType = text.json; path = group.json; sourceTree = "<group>"; };
		BD158FF417E8F0B5008887E3 /* CKTodoItem.h */ = {isa = PBXFileReference; fileEncoding = 4; lastKnownFileType = sourcecode.c.h; path = CKTodoItem.h; sourceTree = "<group>"; };
		BD158FF517E8F0B5008887E3 /* CKTodoItem.m */ = {isa = PBXFileReference; fileEncoding = 4; lastKnownFileType = sourcecode.c.objc; path = CKTodoItem.m; sourceTree = "<group>"; };
		BD158FF817E8F8CF008887E3 /* CKTodoItem+Networking.h */ = {isa = PBXFileReference; fileEncoding = 4; lastKnownFileType = sourcecode.c.h; path = "CKTodoItem+Networking.h"; sourceTree = "<group>"; };
		BD158FF917E8F8CF008887E3 /* CKTodoItem+Networking.m */ = {isa = PBXFileReference; fileEncoding = 4; lastKnownFileType = sourcecode.c.objc; path = "CKTodoItem+Networking.m"; sourceTree = "<group>"; };
		BD15900217E91681008887E3 /* CKCalendarEvent.h */ = {isa = PBXFileReference; fileEncoding = 4; lastKnownFileType = sourcecode.c.h; path = CKCalendarEvent.h; sourceTree = "<group>"; };
		BD15900317E91681008887E3 /* CKCalendarEvent.m */ = {isa = PBXFileReference; fileEncoding = 4; lastKnownFileType = sourcecode.c.objc; path = CKCalendarEvent.m; sourceTree = "<group>"; };
		BD15900817E9F74A008887E3 /* calendar_event.json */ = {isa = PBXFileReference; fileEncoding = 4; lastKnownFileType = text.json; path = calendar_event.json; sourceTree = "<group>"; };
		BD15900A17EA0679008887E3 /* CKCalendarEvent+Networking.h */ = {isa = PBXFileReference; fileEncoding = 4; lastKnownFileType = sourcecode.c.h; path = "CKCalendarEvent+Networking.h"; sourceTree = "<group>"; };
		BD15900B17EA0679008887E3 /* CKCalendarEvent+Networking.m */ = {isa = PBXFileReference; fileEncoding = 4; lastKnownFileType = sourcecode.c.objc; path = "CKCalendarEvent+Networking.m"; sourceTree = "<group>"; };
		BD18757A17E0D7AE00138469 /* CKCourse.h */ = {isa = PBXFileReference; fileEncoding = 4; lastKnownFileType = sourcecode.c.h; path = CKCourse.h; sourceTree = "<group>"; };
		BD18757B17E0D7AE00138469 /* CKCourse.m */ = {isa = PBXFileReference; fileEncoding = 4; lastKnownFileType = sourcecode.c.objc; path = CKCourse.m; sourceTree = "<group>"; };
		BD18758317E0E53B00138469 /* course.json */ = {isa = PBXFileReference; fileEncoding = 4; lastKnownFileType = text.json; path = course.json; sourceTree = "<group>"; };
		BD32B5CD17E7659800E0CF49 /* courses_array.json */ = {isa = PBXFileReference; fileEncoding = 4; lastKnownFileType = text.json; path = courses_array.json; sourceTree = "<group>"; };
		BD661D9417E784B9004210DD /* oauth_user_data.json */ = {isa = PBXFileReference; fileEncoding = 4; lastKnownFileType = text.json; path = oauth_user_data.json; sourceTree = "<group>"; };
		BD661D9617E78772004210DD /* CKAssignment+Networking.h */ = {isa = PBXFileReference; fileEncoding = 4; lastKnownFileType = sourcecode.c.h; path = "CKAssignment+Networking.h"; sourceTree = "<group>"; };
		BD661D9717E78772004210DD /* CKAssignment+Networking.m */ = {isa = PBXFileReference; fileEncoding = 4; lastKnownFileType = sourcecode.c.objc; path = "CKAssignment+Networking.m"; sourceTree = "<group>"; };
		BD661D9817E78772004210DD /* CKClient.h */ = {isa = PBXFileReference; fileEncoding = 4; lastKnownFileType = sourcecode.c.h; path = CKClient.h; sourceTree = "<group>"; };
		BD661D9917E78772004210DD /* CKClient.m */ = {isa = PBXFileReference; fileEncoding = 4; lastKnownFileType = sourcecode.c.objc; path = CKClient.m; sourceTree = "<group>"; };
		BD661D9A17E78772004210DD /* CKCourse+Networking.h */ = {isa = PBXFileReference; fileEncoding = 4; lastKnownFileType = sourcecode.c.h; path = "CKCourse+Networking.h"; sourceTree = "<group>"; };
		BD661D9B17E78772004210DD /* CKCourse+Networking.m */ = {isa = PBXFileReference; fileEncoding = 4; lastKnownFileType = sourcecode.c.objc; path = "CKCourse+Networking.m"; sourceTree = "<group>"; };
		BD661D9C17E78772004210DD /* CKLocalUser+Networking.h */ = {isa = PBXFileReference; fileEncoding = 4; lastKnownFileType = sourcecode.c.h; path = "CKLocalUser+Networking.h"; sourceTree = "<group>"; };
		BD661D9D17E78772004210DD /* CKLocalUser+Networking.m */ = {isa = PBXFileReference; fileEncoding = 4; lastKnownFileType = sourcecode.c.objc; path = "CKLocalUser+Networking.m"; sourceTree = "<group>"; };
		BD661DA217E789DE004210DD /* CKLoginViewController.h */ = {isa = PBXFileReference; fileEncoding = 4; lastKnownFileType = sourcecode.c.h; name = CKLoginViewController.h; path = "UIKit+CanvasKit/CKLoginViewController.h"; sourceTree = "<group>"; };
		BD661DA317E789DE004210DD /* CKLoginViewController.m */ = {isa = PBXFileReference; fileEncoding = 4; lastKnownFileType = sourcecode.c.objc; name = CKLoginViewController.m; path = "UIKit+CanvasKit/CKLoginViewController.m"; sourceTree = "<group>"; };
		BD7907B017EA364B006D12D9 /* CKAssignmentGroup.h */ = {isa = PBXFileReference; fileEncoding = 4; lastKnownFileType = sourcecode.c.h; path = CKAssignmentGroup.h; sourceTree = "<group>"; };
		BD7907B117EA364B006D12D9 /* CKAssignmentGroup.m */ = {isa = PBXFileReference; fileEncoding = 4; lastKnownFileType = sourcecode.c.objc; path = CKAssignmentGroup.m; sourceTree = "<group>"; };
		BD7907B417EA3956006D12D9 /* assignment_group_with_assignments.json */ = {isa = PBXFileReference; fileEncoding = 4; lastKnownFileType = text.json; path = assignment_group_with_assignments.json; sourceTree = "<group>"; };
		BD9523FF17E2228700C02646 /* CKLocalUser.h */ = {isa = PBXFileReference; fileEncoding = 4; lastKnownFileType = sourcecode.c.h; path = CKLocalUser.h; sourceTree = "<group>"; };
		BD95240017E2228700C02646 /* CKLocalUser.m */ = {isa = PBXFileReference; fileEncoding = 4; lastKnownFileType = sourcecode.c.objc; path = CKLocalUser.m; sourceTree = "<group>"; };
		BD95240517E2291B00C02646 /* CanvasKit.m */ = {isa = PBXFileReference; fileEncoding = 4; lastKnownFileType = sourcecode.c.objc; path = CanvasKit.m; sourceTree = "<group>"; };
		BD99E76E17E8A15E00AEC79C /* CKTab.h */ = {isa = PBXFileReference; fileEncoding = 4; lastKnownFileType = sourcecode.c.h; path = CKTab.h; sourceTree = "<group>"; };
		BD99E76F17E8A15E00AEC79C /* CKTab.m */ = {isa = PBXFileReference; fileEncoding = 4; lastKnownFileType = sourcecode.c.objc; path = CKTab.m; sourceTree = "<group>"; };
		BD99E77417E8A41300AEC79C /* tab.json */ = {isa = PBXFileReference; fileEncoding = 4; lastKnownFileType = text.json; path = tab.json; sourceTree = "<group>"; };
		BD99E77717E8AAB100AEC79C /* tabs_array.json */ = {isa = PBXFileReference; fileEncoding = 4; lastKnownFileType = text.json; path = tabs_array.json; sourceTree = "<group>"; };
		BD99E77917E8ABD200AEC79C /* CKFavorite.h */ = {isa = PBXFileReference; fileEncoding = 4; lastKnownFileType = sourcecode.c.h; path = CKFavorite.h; sourceTree = "<group>"; };
		BD99E77A17E8ABD200AEC79C /* CKFavorite.m */ = {isa = PBXFileReference; fileEncoding = 4; lastKnownFileType = sourcecode.c.objc; path = CKFavorite.m; sourceTree = "<group>"; };
		BD99E77D17E8AC5D00AEC79C /* favorite.json */ = {isa = PBXFileReference; fileEncoding = 4; lastKnownFileType = text.json; path = favorite.json; sourceTree = "<group>"; };
		BD99E78C17E8DE1300AEC79C /* CKTab+Networking.h */ = {isa = PBXFileReference; fileEncoding = 4; lastKnownFileType = sourcecode.c.h; path = "CKTab+Networking.h"; sourceTree = "<group>"; };
		BD99E78D17E8DE1300AEC79C /* CKTab+Networking.m */ = {isa = PBXFileReference; fileEncoding = 4; lastKnownFileType = sourcecode.c.objc; path = "CKTab+Networking.m"; sourceTree = "<group>"; };
		BD99E78F17E8DF4A00AEC79C /* CKFavorite+Networking.h */ = {isa = PBXFileReference; fileEncoding = 4; lastKnownFileType = sourcecode.c.h; path = "CKFavorite+Networking.h"; sourceTree = "<group>"; };
		BD99E79017E8DF4A00AEC79C /* CKFavorite+Networking.m */ = {isa = PBXFileReference; fileEncoding = 4; lastKnownFileType = sourcecode.c.objc; path = "CKFavorite+Networking.m"; sourceTree = "<group>"; };
		BDB4B8BD17E236330097D4AC /* NSString+CKAdditions.h */ = {isa = PBXFileReference; fileEncoding = 4; lastKnownFileType = sourcecode.c.h; path = "NSString+CKAdditions.h"; sourceTree = "<group>"; };
		BDB4B8BE17E236330097D4AC /* NSString+CKAdditions.m */ = {isa = PBXFileReference; fileEncoding = 4; lastKnownFileType = sourcecode.c.objc; path = "NSString+CKAdditions.m"; sourceTree = "<group>"; };
		BDB4B91417E3667A0097D4AC /* Constants.h */ = {isa = PBXFileReference; lastKnownFileType = sourcecode.c.h; path = Constants.h; sourceTree = "<group>"; };
		BDB4B93417E3BABD0097D4AC /* libPods-AFNetworking.a */ = {isa = PBXFileReference; lastKnownFileType = archive.ar; name = "libPods-AFNetworking.a"; path = "Pods/build/Debug-iphoneos/libPods-AFNetworking.a"; sourceTree = "<group>"; };
		BDB4B93517E3BABD0097D4AC /* libPods-CanvasKitTests-Expecta.a */ = {isa = PBXFileReference; lastKnownFileType = archive.ar; name = "libPods-CanvasKitTests-Expecta.a"; path = "Pods/build/Debug-iphoneos/libPods-CanvasKitTests-Expecta.a"; sourceTree = "<group>"; };
		BDB4B93617E3BABD0097D4AC /* libPods-FXKeychain.a */ = {isa = PBXFileReference; lastKnownFileType = archive.ar; name = "libPods-FXKeychain.a"; path = "Pods/build/Debug-iphoneos/libPods-FXKeychain.a"; sourceTree = "<group>"; };
		BDB4B93717E3BABD0097D4AC /* libPods-ISO8601DateFormatter.a */ = {isa = PBXFileReference; lastKnownFileType = archive.ar; name = "libPods-ISO8601DateFormatter.a"; path = "Pods/build/Debug-iphoneos/libPods-ISO8601DateFormatter.a"; sourceTree = "<group>"; };
		BDB4B93817E3BABD0097D4AC /* libPods-Mantle.a */ = {isa = PBXFileReference; lastKnownFileType = archive.ar; name = "libPods-Mantle.a"; path = "Pods/build/Debug-iphoneos/libPods-Mantle.a"; sourceTree = "<group>"; };
		BDB4B93917E3BABD0097D4AC /* libPods.a */ = {isa = PBXFileReference; lastKnownFileType = archive.ar; name = libPods.a; path = "Pods/build/Debug-iphoneos/libPods.a"; sourceTree = "<group>"; };
		BDF67B3117EBA378008AE5F5 /* CKFile.h */ = {isa = PBXFileReference; fileEncoding = 4; lastKnownFileType = sourcecode.c.h; path = CKFile.h; sourceTree = "<group>"; };
		BDF67B3217EBA378008AE5F5 /* CKFile.m */ = {isa = PBXFileReference; fileEncoding = 4; lastKnownFileType = sourcecode.c.objc; path = CKFile.m; sourceTree = "<group>"; };
		BDF67B3417EBA84C008AE5F5 /* file.json */ = {isa = PBXFileReference; fileEncoding = 4; lastKnownFileType = text.json; path = file.json; sourceTree = "<group>"; };
		BDF67B3917EBAD3E008AE5F5 /* CKFolder.h */ = {isa = PBXFileReference; fileEncoding = 4; lastKnownFileType = sourcecode.c.h; path = CKFolder.h; sourceTree = "<group>"; };
		BDF67B3A17EBAD3E008AE5F5 /* CKFolder.m */ = {isa = PBXFileReference; fileEncoding = 4; lastKnownFileType = sourcecode.c.objc; path = CKFolder.m; sourceTree = "<group>"; };
		BDF67B4117EBAFCF008AE5F5 /* folder.json */ = {isa = PBXFileReference; fileEncoding = 4; lastKnownFileType = text.json; path = folder.json; sourceTree = "<group>"; };
		BDFB334417E79698000C6C13 /* CKSubmission+Networking.h */ = {isa = PBXFileReference; fileEncoding = 4; lastKnownFileType = sourcecode.c.h; path = "CKSubmission+Networking.h"; sourceTree = "<group>"; };
		BDFB334517E79698000C6C13 /* CKSubmission+Networking.m */ = {isa = PBXFileReference; fileEncoding = 4; lastKnownFileType = sourcecode.c.objc; path = "CKSubmission+Networking.m"; sourceTree = "<group>"; };
		BDFB334817E7A70B000C6C13 /* users_array.json */ = {isa = PBXFileReference; fileEncoding = 4; lastKnownFileType = text.json; path = users_array.json; sourceTree = "<group>"; };
		BDFB335017E7E472000C6C13 /* todo_item.json */ = {isa = PBXFileReference; fileEncoding = 4; lastKnownFileType = text.json; path = todo_item.json; sourceTree = "<group>"; };
		EB5670FCC8F3466B9F75A287 /* Pods.xcconfig */ = {isa = PBXFileReference; includeInIndex = 1; lastKnownFileType = text.xcconfig; name = Pods.xcconfig; path = Pods/Pods.xcconfig; sourceTree = SOURCE_ROOT; };
/* End PBXFileReference section */

/* Begin PBXFrameworksBuildPhase section */
		499B4A2217F22C9F00E211C9 /* Frameworks */ = {
			isa = PBXFrameworksBuildPhase;
			buildActionMask = 2147483647;
			files = (
				499B4A2717F22C9F00E211C9 /* CoreGraphics.framework in Frameworks */,
				499B4A2817F22C9F00E211C9 /* UIKit.framework in Frameworks */,
				499B4A2617F22C9F00E211C9 /* Foundation.framework in Frameworks */,
			);
			runOnlyForDeploymentPostprocessing = 0;
		};
		809DC71B17C694EC0089E846 /* Frameworks */ = {
			isa = PBXFrameworksBuildPhase;
			buildActionMask = 2147483647;
			files = (
				809DC72217C694EC0089E846 /* Foundation.framework in Frameworks */,
				BDC8B61417E8099100A63864 /* XCTest.framework in Frameworks */,
				F26D6813C18343709DB2F5F8 /* libPods.a in Frameworks */,
			);
			runOnlyForDeploymentPostprocessing = 0;
		};
		809DC72B17C694EC0089E846 /* Frameworks */ = {
			isa = PBXFrameworksBuildPhase;
			buildActionMask = 2147483647;
			files = (
				BDB4B93F17E3BABD0097D4AC /* libPods.a in Frameworks */,
				496C9A0317E0EAF500E5DB70 /* CoreGraphics.framework in Frameworks */,
				809DC73017C694EC0089E846 /* XCTest.framework in Frameworks */,
				809DC73317C694EC0089E846 /* UIKit.framework in Frameworks */,
				809DC73117C694EC0089E846 /* Foundation.framework in Frameworks */,
				E8B6E91120864A62A6D42770 /* libPods-CanvasKitTests.a in Frameworks */,
			);
			runOnlyForDeploymentPostprocessing = 0;
		};
/* End PBXFrameworksBuildPhase section */

/* Begin PBXGroup section */
		499B4A2917F22C9F00E211C9 /* CanvasKitTestBundle */ = {
			isa = PBXGroup;
			children = (
				499B4A3217F22C9F00E211C9 /* AppDelegate.h */,
				499B4A3317F22C9F00E211C9 /* AppDelegate.m */,
				499B4A3517F22C9F00E211C9 /* Images.xcassets */,
				499B4A2A17F22C9F00E211C9 /* Supporting Files */,
			);
			path = CanvasKitTestBundle;
			sourceTree = "<group>";
		};
		499B4A2A17F22C9F00E211C9 /* Supporting Files */ = {
			isa = PBXGroup;
			children = (
				499B4A2B17F22C9F00E211C9 /* CanvasKitTestBundle-Info.plist */,
				499B4A2C17F22C9F00E211C9 /* InfoPlist.strings */,
				499B4A2F17F22C9F00E211C9 /* main.m */,
				499B4A3117F22C9F00E211C9 /* CanvasKitTestBundle-Prefix.pch */,
			);
			name = "Supporting Files";
			sourceTree = "<group>";
		};
		8024E19B17C6AE1B0031E0F4 /* Models */ = {
			isa = PBXGroup;
			children = (
				4910CE9717E8E72000A6A73E /* CKContext.h */,
				8024E19D17C6AE7D0031E0F4 /* CKModel.h */,
				8024E19E17C6AE7D0031E0F4 /* CKModel.m */,
				809808BB17C6D9BB00FC3BF6 /* CKAssignment.h */,
				809808BC17C6D9BB00FC3BF6 /* CKAssignment.m */,
				80B3676D17D0253000A32E70 /* CKRubricCriterion.h */,
				80B3676E17D0253000A32E70 /* CKRubricCriterion.m */,
				8032829D17D03380001E73FA /* CKRubricCriterionRating.h */,
				8032829E17D03380001E73FA /* CKRubricCriterionRating.m */,
				802837EE17CCF2BF0019FE30 /* CKLockableModel.h */,
				802837EF17CCF2BF0019FE30 /* CKLockableModel.m */,
				80C7D9EA17CED9B300915729 /* CKLockInfo.h */,
				80C7D9EB17CED9B300915729 /* CKLockInfo.m */,
				803282A617D05C7D001E73FA /* CKSubmission.h */,
				803282A717D05C7D001E73FA /* CKSubmission.m */,
				80538A2517DD1A20009095F2 /* CKUser.h */,
				80538A2617DD1A20009095F2 /* CKUser.m */,
				80538A1C17DD132A009095F2 /* CKSubmissionComment.h */,
				80538A1D17DD132A009095F2 /* CKSubmissionComment.m */,
				BD18757A17E0D7AE00138469 /* CKCourse.h */,
				BD18757B17E0D7AE00138469 /* CKCourse.m */,
				8026FC4017E0DDC000126518 /* CKPage.h */,
				8026FC4117E0DDC000126518 /* CKPage.m */,
				80785A0C17E1365700339A06 /* CKModule.h */,
				80785A0D17E1365700339A06 /* CKModule.m */,
				80785A1117E146B000339A06 /* CKModuleItem.h */,
				80785A1217E146B000339A06 /* CKModuleItem.m */,
				BD9523FF17E2228700C02646 /* CKLocalUser.h */,
				BD95240017E2228700C02646 /* CKLocalUser.m */,
				BD99E76E17E8A15E00AEC79C /* CKTab.h */,
				BD99E76F17E8A15E00AEC79C /* CKTab.m */,
				BD99E77917E8ABD200AEC79C /* CKFavorite.h */,
				BD99E77A17E8ABD200AEC79C /* CKFavorite.m */,
				BD158FF417E8F0B5008887E3 /* CKTodoItem.h */,
				BD158FF517E8F0B5008887E3 /* CKTodoItem.m */,
				4910CE9A17E8F3D000A6A73E /* CKAPIV1.h */,
				4910CE9B17E8F3D000A6A73E /* CKAPIV1.m */,
				BD15900217E91681008887E3 /* CKCalendarEvent.h */,
				BD15900317E91681008887E3 /* CKCalendarEvent.m */,
				BD7907B017EA364B006D12D9 /* CKAssignmentGroup.h */,
				BD7907B117EA364B006D12D9 /* CKAssignmentGroup.m */,
				BDF67B3117EBA378008AE5F5 /* CKFile.h */,
				BDF67B3217EBA378008AE5F5 /* CKFile.m */,
				BDF67B3917EBAD3E008AE5F5 /* CKFolder.h */,
				BDF67B3A17EBAD3E008AE5F5 /* CKFolder.m */,
				80F1E0DF17FB6BBE005E71E1 /* CKGroup.h */,
				80F1E0E017FB6BBE005E71E1 /* CKGroup.m */,
				24D5435E17FCA4DA0056096D /* CKQuiz.h */,
				24D5435F17FCA4DA0056096D /* CKQuiz.m */,
			);
			path = Models;
			sourceTree = "<group>";
		};
		8024E19C17C6AE250031E0F4 /* Networking */ = {
			isa = PBXGroup;
			children = (
				BD661D9617E78772004210DD /* CKAssignment+Networking.h */,
				BD661D9717E78772004210DD /* CKAssignment+Networking.m */,
				BD661D9817E78772004210DD /* CKClient.h */,
				BD661D9917E78772004210DD /* CKClient.m */,
				BD661D9A17E78772004210DD /* CKCourse+Networking.h */,
				BD661D9B17E78772004210DD /* CKCourse+Networking.m */,
				BD661D9C17E78772004210DD /* CKLocalUser+Networking.h */,
				BD661D9D17E78772004210DD /* CKLocalUser+Networking.m */,
				8057D2E817E25B85002AAED2 /* CKPage+Networking.h */,
				8057D2E917E25B85002AAED2 /* CKPage+Networking.m */,
				BDFB334417E79698000C6C13 /* CKSubmission+Networking.h */,
				80A07D7517E425F9001B9EE4 /* CKModule+Networking.h */,
				BDFB334517E79698000C6C13 /* CKSubmission+Networking.m */,
				BD99E78C17E8DE1300AEC79C /* CKTab+Networking.h */,
				BD99E78D17E8DE1300AEC79C /* CKTab+Networking.m */,
				BD99E78F17E8DF4A00AEC79C /* CKFavorite+Networking.h */,
				BD99E79017E8DF4A00AEC79C /* CKFavorite+Networking.m */,
				BD158FF817E8F8CF008887E3 /* CKTodoItem+Networking.h */,
				BD158FF917E8F8CF008887E3 /* CKTodoItem+Networking.m */,
				BD15900A17EA0679008887E3 /* CKCalendarEvent+Networking.h */,
				BD15900B17EA0679008887E3 /* CKCalendarEvent+Networking.m */,
				80A07D7617E425F9001B9EE4 /* CKModule+Networking.m */,
				805E1E5F17EA334F0055EA0C /* CKPagedResponse.h */,
				805E1E6017EA334F0055EA0C /* CKPagedResponse.m */,
				80061C1617FDFC3100A8CDFF /* CKGroup+Networking.h */,
				80061C1717FDFC3100A8CDFF /* CKGroup+Networking.m */,
				800B2F0117FE39570069D0CC /* CKModuleItem+Networking.h */,
				800B2F0217FE39570069D0CC /* CKModuleItem+Networking.m */,
				241437471804A59300047474 /* CKQuiz+Networking.h */,
				241437481804A59300047474 /* CKQuiz+Networking.m */,
				804904BD18048B7B00BB8978 /* CKUser+Networking.h */,
				804904BE18048B7B00BB8978 /* CKUser+Networking.m */,
				80E06FCE18061587009CD10B /* CKFile+Networking.h */,
				80E06FCF18061587009CD10B /* CKFile+Networking.m */,
				80D16605180C404F00D265C2 /* CKFolder+Networking.h */,
				80D16606180C404F00D265C2 /* CKFolder+Networking.m */,
			);
			path = Networking;
			sourceTree = "<group>";
		};
		8024E1A017C6B3620031E0F4 /* Models */ = {
			isa = PBXGroup;
			children = (
				80E06FC61805F4FB009CD10B /* CKFileSpec.m */,
				804904C118048B9B00BB8978 /* CKUserSpec.m */,
				24D5436117FCA5630056096D /* CKQuizSpec.m */,
				80C63B8B17FCA1C700DEB92A /* CKClientSpec.m */,
				80F1E0E217FB6BDE005E71E1 /* CKGroupSpec.m */,
			);
			path = Models;
			sourceTree = "<group>";
		};
		8024E1A117C6B3620031E0F4 /* Networking */ = {
			isa = PBXGroup;
			children = (
				80D16609180C9D5700D265C2 /* CKFolder+NetworkingSpec.m */,
				80E06FCC1806152F009CD10B /* CKFile+NetworkingSpec.m */,
				809876E7180493E4001D01BC /* CKUser+NetworkingSpec.m */,
				80A8BE6417FF5C15002ED94E /* CKCourse+NetworkingSpec.m */,
				800B2F0517FE3B970069D0CC /* CKModuleItem+NetworkingSpec.m */,
				80061C1B17FE05F300A8CDFF /* CKGroup+NetworkingSpec.m */,
				8031533517ECF3B400F4C294 /* NSHTTPURLResponsePaginationSpec.m */,
				496C9A0A17E1080F00E5DB70 /* CKClient+TestingClient.h */,
				496C9A0B17E1080F00E5DB70 /* CKClient+TestingClient.m */,
				80A07D7817E42653001B9EE4 /* CKModule+NetworkingSpec.m */,
				2414374B1804B9E500047474 /* CKQuiz+NetworkingSpec.m */,
			);
			path = Networking;
			sourceTree = "<group>";
		};
		808A0DC317CBCA6D0000654F /* Helpers */ = {
			isa = PBXGroup;
			children = (
				808A0DC417CBCADA0000654F /* NSValueTransformer+CKPredefinedTransformerAdditions.h */,
				808A0DC517CBCADA0000654F /* NSValueTransformer+CKPredefinedTransformerAdditions.m */,
				80C8470F17E1141F00AF25AE /* NSDictionary+DictionaryByAddingObjectsFromDictionary.h */,
				80C8471017E1141F00AF25AE /* NSDictionary+DictionaryByAddingObjectsFromDictionary.m */,
				BDB4B8BD17E236330097D4AC /* NSString+CKAdditions.h */,
				BDB4B8BE17E236330097D4AC /* NSString+CKAdditions.m */,
				809A664317EB93F2005C5855 /* NSHTTPURLResponse+Pagination.h */,
				809A664417EB93F2005C5855 /* NSHTTPURLResponse+Pagination.m */,
			);
			path = Helpers;
			sourceTree = "<group>";
		};
		809808C017C6DD1400FC3BF6 /* Fixtures */ = {
			isa = PBXGroup;
			children = (
				809808C117C6DD1400FC3BF6 /* assignment.json */,
				80C7D9EF17CEDC4300915729 /* lock_info.json */,
				80B3677A17D02A6500A32E70 /* rubric_criterion.json */,
				80B3677C17D02AB800A32E70 /* model_string.json */,
				803282A417D03646001E73FA /* rubric_criterion_rating.json */,
				803282AB17D0606D001E73FA /* submission.json */,
				80538A2317DD1931009095F2 /* user.json */,
				80538A2117DD1427009095F2 /* submission_comment.json */,
				BD18758317E0E53B00138469 /* course.json */,
				8026FC3C17E0DD4100126518 /* page.json */,
				80785A0817E135ED00339A06 /* module.json */,
				80785A0F17E13DE900339A06 /* module_item.json */,
				49D211F617E22326006359A7 /* submission_array.json */,
				BD32B5CD17E7659800E0CF49 /* courses_array.json */,
				BD661D9417E784B9004210DD /* oauth_user_data.json */,
				BDFB334817E7A70B000C6C13 /* users_array.json */,
				BDFB335017E7E472000C6C13 /* todo_item.json */,
				BD99E77417E8A41300AEC79C /* tab.json */,
				BD99E77717E8AAB100AEC79C /* tabs_array.json */,
				BD99E77D17E8AC5D00AEC79C /* favorite.json */,
				BD15900817E9F74A008887E3 /* calendar_event.json */,
				BD7907B417EA3956006D12D9 /* assignment_group_with_assignments.json */,
				BDF67B3417EBA84C008AE5F5 /* file.json */,
				BDF67B4117EBAFCF008AE5F5 /* folder.json */,
				80F1E0E617FB75DC005E71E1 /* group.json */,
				24D5435C17FCA4B90056096D /* quiz.json */,
			);
			path = Fixtures;
			sourceTree = "<group>";
		};
		809DC71517C694EC0089E846 = {
			isa = PBXGroup;
			children = (
				809DC72317C694EC0089E846 /* CanvasKit */,
				809DC73717C694EC0089E846 /* CanvasKitTests */,
				499B4A2917F22C9F00E211C9 /* CanvasKitTestBundle */,
				809DC72017C694EC0089E846 /* Frameworks */,
				809DC71F17C694EC0089E846 /* Products */,
				2C4C27CC89F849148BEC406C /* Pods-CanvasKitTests.xcconfig */,
				EB5670FCC8F3466B9F75A287 /* Pods.xcconfig */,
			);
			sourceTree = "<group>";
		};
		809DC71F17C694EC0089E846 /* Products */ = {
			isa = PBXGroup;
			children = (
				809DC71E17C694EC0089E846 /* libCanvasKit.a */,
				809DC72E17C694EC0089E846 /* CanvasKitTests.xctest */,
				499B4A2517F22C9F00E211C9 /* CanvasKitTestBundle.app */,
			);
			name = Products;
			sourceTree = "<group>";
		};
		809DC72017C694EC0089E846 /* Frameworks */ = {
			isa = PBXGroup;
			children = (
				BDB4B93417E3BABD0097D4AC /* libPods-AFNetworking.a */,
				BDB4B93517E3BABD0097D4AC /* libPods-CanvasKitTests-Expecta.a */,
				BDB4B93617E3BABD0097D4AC /* libPods-FXKeychain.a */,
				BDB4B93717E3BABD0097D4AC /* libPods-ISO8601DateFormatter.a */,
				BDB4B93817E3BABD0097D4AC /* libPods-Mantle.a */,
				BDB4B93917E3BABD0097D4AC /* libPods.a */,
				496C9A0217E0EAF500E5DB70 /* CoreGraphics.framework */,
				809DC72117C694EC0089E846 /* Foundation.framework */,
				809DC72F17C694EC0089E846 /* XCTest.framework */,
				809DC73217C694EC0089E846 /* UIKit.framework */,
				7A7373B900534292A61BF551 /* libPods-CanvasKitTests.a */,
				3112BE272369450EB9E316EE /* libPods.a */,
			);
			name = Frameworks;
			sourceTree = "<group>";
		};
		809DC72317C694EC0089E846 /* CanvasKit */ = {
			isa = PBXGroup;
			children = (
				BDB4B8B817E2342F0097D4AC /* UIKit+CanvasKit */,
				808A0DC317CBCA6D0000654F /* Helpers */,
				8024E19C17C6AE250031E0F4 /* Networking */,
				8024E19B17C6AE1B0031E0F4 /* Models */,
				809DC72617C694EC0089E846 /* CanvasKit.h */,
				BD95240517E2291B00C02646 /* CanvasKit.m */,
				809DC72417C694EC0089E846 /* Supporting Files */,
				BDB4B91417E3667A0097D4AC /* Constants.h */,
			);
			path = CanvasKit;
			sourceTree = "<group>";
		};
		809DC72417C694EC0089E846 /* Supporting Files */ = {
			isa = PBXGroup;
			children = (
				809DC72517C694EC0089E846 /* CanvasKit-Prefix.pch */,
			);
			name = "Supporting Files";
			sourceTree = "<group>";
		};
		809DC73717C694EC0089E846 /* CanvasKitTests */ = {
			isa = PBXGroup;
			children = (
				809808C017C6DD1400FC3BF6 /* Fixtures */,
				8024E1A017C6B3620031E0F4 /* Models */,
				8024E1A117C6B3620031E0F4 /* Networking */,
				809DC73817C694EC0089E846 /* Supporting Files */,
				80E3C09817C6EFAE0056EA62 /* Helpers.h */,
				80E3C09917C6EFAE0056EA62 /* Helpers.m */,
				24B91A7E17FCB01800D5FF60 /* CKISO8601DateMatcher.h */,
				24B91A7F17FCB01800D5FF60 /* CKISO8601DateMatcher.m */,
			);
			path = CanvasKitTests;
			sourceTree = "<group>";
		};
		809DC73817C694EC0089E846 /* Supporting Files */ = {
			isa = PBXGroup;
			children = (
				809DC73917C694EC0089E846 /* CanvasKitTests-Info.plist */,
				809DC73A17C694EC0089E846 /* InfoPlist.strings */,
			);
			name = "Supporting Files";
			sourceTree = "<group>";
		};
		BDB4B8B817E2342F0097D4AC /* UIKit+CanvasKit */ = {
			isa = PBXGroup;
			children = (
				BD661DA217E789DE004210DD /* CKLoginViewController.h */,
				BD661DA317E789DE004210DD /* CKLoginViewController.m */,
			);
			name = "UIKit+CanvasKit";
			sourceTree = "<group>";
		};
/* End PBXGroup section */

/* Begin PBXNativeTarget section */
		499B4A2417F22C9F00E211C9 /* CanvasKitTestBundle */ = {
			isa = PBXNativeTarget;
			buildConfigurationList = 499B4A4D17F22CA000E211C9 /* Build configuration list for PBXNativeTarget "CanvasKitTestBundle" */;
			buildPhases = (
				499B4A2117F22C9F00E211C9 /* Sources */,
				499B4A2217F22C9F00E211C9 /* Frameworks */,
				499B4A2317F22C9F00E211C9 /* Resources */,
			);
			buildRules = (
			);
			dependencies = (
			);
			name = CanvasKitTestBundle;
			productName = CanvasKitTestBundle;
			productReference = 499B4A2517F22C9F00E211C9 /* CanvasKitTestBundle.app */;
			productType = "com.apple.product-type.application";
		};
		809DC71D17C694EC0089E846 /* CanvasKit */ = {
			isa = PBXNativeTarget;
			buildConfigurationList = 809DC74117C694EC0089E846 /* Build configuration list for PBXNativeTarget "CanvasKit" */;
			buildPhases = (
				F47D464FDA9D416E81E47A58 /* Check Pods Manifest.lock */,
				809DC71A17C694EC0089E846 /* Sources */,
				809DC71B17C694EC0089E846 /* Frameworks */,
				809DC71C17C694EC0089E846 /* CopyFiles */,
				F341BAA8A2A34190885058F6 /* Copy Pods Resources */,
			);
			buildRules = (
			);
			dependencies = (
			);
			name = CanvasKit;
			productName = CanvasKit;
			productReference = 809DC71E17C694EC0089E846 /* libCanvasKit.a */;
			productType = "com.apple.product-type.library.static";
		};
		809DC72D17C694EC0089E846 /* CanvasKitTests */ = {
			isa = PBXNativeTarget;
			buildConfigurationList = 809DC74417C694EC0089E846 /* Build configuration list for PBXNativeTarget "CanvasKitTests" */;
			buildPhases = (
				6603541C7AC94C0381426655 /* Check Pods Manifest.lock */,
				809DC72A17C694EC0089E846 /* Sources */,
				809DC72B17C694EC0089E846 /* Frameworks */,
				809DC72C17C694EC0089E846 /* Resources */,
				38372E152AC443FF8294A61A /* Copy Pods Resources */,
				BDB4B91B17E3B2640097D4AC /* ShellScript */,
			);
			buildRules = (
			);
			dependencies = (
				809DC73517C694EC0089E846 /* PBXTargetDependency */,
			);
			name = CanvasKitTests;
			productName = CanvasKitTests;
			productReference = 809DC72E17C694EC0089E846 /* CanvasKitTests.xctest */;
			productType = "com.apple.product-type.bundle.unit-test";
		};
/* End PBXNativeTarget section */

/* Begin PBXProject section */
		809DC71617C694EC0089E846 /* Project object */ = {
			isa = PBXProject;
			attributes = {
				LastUpgradeCheck = 0500;
				ORGANIZATIONNAME = Instructure;
				TargetAttributes = {
					809DC72D17C694EC0089E846 = {
						TestTargetID = 499B4A2417F22C9F00E211C9;
					};
				};
			};
			buildConfigurationList = 809DC71917C694EC0089E846 /* Build configuration list for PBXProject "CanvasKit" */;
			compatibilityVersion = "Xcode 3.2";
			developmentRegion = English;
			hasScannedForEncodings = 0;
			knownRegions = (
				en,
			);
			mainGroup = 809DC71517C694EC0089E846;
			productRefGroup = 809DC71F17C694EC0089E846 /* Products */;
			projectDirPath = "";
			projectRoot = "";
			targets = (
				809DC71D17C694EC0089E846 /* CanvasKit */,
				499B4A2417F22C9F00E211C9 /* CanvasKitTestBundle */,
				809DC72D17C694EC0089E846 /* CanvasKitTests */,
			);
		};
/* End PBXProject section */

/* Begin PBXResourcesBuildPhase section */
		499B4A2317F22C9F00E211C9 /* Resources */ = {
			isa = PBXResourcesBuildPhase;
			buildActionMask = 2147483647;
			files = (
				499B4A2E17F22C9F00E211C9 /* InfoPlist.strings in Resources */,
				499B4A3617F22C9F00E211C9 /* Images.xcassets in Resources */,
			);
			runOnlyForDeploymentPostprocessing = 0;
		};
		809DC72C17C694EC0089E846 /* Resources */ = {
			isa = PBXResourcesBuildPhase;
			buildActionMask = 2147483647;
			files = (
				8055140217FCF1DD009F8723 /* CKClient+TestingClient.h in Resources */,
				80BA049F17E0E41000D11B5F /* Helpers.h in Resources */,
				8026FC3D17E0DD4100126518 /* page.json in Resources */,
				BDFB335117E7E472000C6C13 /* todo_item.json in Resources */,
				BDF67B4217EBAFCF008AE5F5 /* folder.json in Resources */,
				BDFB334917E7A70B000C6C13 /* users_array.json in Resources */,
				80C7D9F017CEDC4300915729 /* lock_info.json in Resources */,
				24D5435D17FCA4B90056096D /* quiz.json in Resources */,
				BD15900917E9F74A008887E3 /* calendar_event.json in Resources */,
				80785A0917E135ED00339A06 /* module.json in Resources */,
				BDF67B3517EBA84C008AE5F5 /* file.json in Resources */,
				803282A517D03646001E73FA /* rubric_criterion_rating.json in Resources */,
				809808C217C6DD1400FC3BF6 /* assignment.json in Resources */,
				80B3677B17D02A6500A32E70 /* rubric_criterion.json in Resources */,
				80B3677D17D02AB800A32E70 /* model_string.json in Resources */,
				80785A1017E13DE900339A06 /* module_item.json in Resources */,
				80F1E0E717FB75DC005E71E1 /* group.json in Resources */,
				BD99E77E17E8AC5D00AEC79C /* favorite.json in Resources */,
				80538A2217DD1427009095F2 /* submission_comment.json in Resources */,
				BD7907B517EA3956006D12D9 /* assignment_group_with_assignments.json in Resources */,
				BD99E77817E8AAB100AEC79C /* tabs_array.json in Resources */,
				49D211F717E22326006359A7 /* submission_array.json in Resources */,
				80538A2417DD1931009095F2 /* user.json in Resources */,
				809DC73C17C694EC0089E846 /* InfoPlist.strings in Resources */,
				BD18758417E0E53B00138469 /* course.json in Resources */,
				BD32B5CE17E7659800E0CF49 /* courses_array.json in Resources */,
				BD661D9517E784B9004210DD /* oauth_user_data.json in Resources */,
				803282AC17D0606D001E73FA /* submission.json in Resources */,
				BD99E77517E8A41300AEC79C /* tab.json in Resources */,
			);
			runOnlyForDeploymentPostprocessing = 0;
		};
/* End PBXResourcesBuildPhase section */

/* Begin PBXShellScriptBuildPhase section */
		38372E152AC443FF8294A61A /* Copy Pods Resources */ = {
			isa = PBXShellScriptBuildPhase;
			buildActionMask = 2147483647;
			files = (
			);
			inputPaths = (
			);
			name = "Copy Pods Resources";
			outputPaths = (
			);
			runOnlyForDeploymentPostprocessing = 0;
			shellPath = /bin/sh;
			shellScript = "\"${SRCROOT}/Pods/Pods-CanvasKitTests-resources.sh\"\n";
			showEnvVarsInLog = 0;
		};
		6603541C7AC94C0381426655 /* Check Pods Manifest.lock */ = {
			isa = PBXShellScriptBuildPhase;
			buildActionMask = 2147483647;
			files = (
			);
			inputPaths = (
			);
			name = "Check Pods Manifest.lock";
			outputPaths = (
			);
			runOnlyForDeploymentPostprocessing = 0;
			shellPath = /bin/sh;
			shellScript = "diff \"${PODS_ROOT}/../Podfile.lock\" \"${PODS_ROOT}/Manifest.lock\" > /dev/null\nif [[ $? != 0 ]] ; then\n    cat << EOM\nerror: The sandbox is not in sync with the Podfile.lock. Run 'pod install' or update your CocoaPods installation.\nEOM\n    exit 1\nfi\n";
			showEnvVarsInLog = 0;
		};
		BDB4B91B17E3B2640097D4AC /* ShellScript */ = {
			isa = PBXShellScriptBuildPhase;
			buildActionMask = 2147483647;
			files = (
			);
			inputPaths = (
			);
			outputPaths = (
			);
			runOnlyForDeploymentPostprocessing = 0;
			shellPath = /bin/sh;
			shellScript = "# open -a Xcoverage.app \"$OBJECT_FILE_DIR-normal/$CURRENT_ARCH\"";
		};
		F341BAA8A2A34190885058F6 /* Copy Pods Resources */ = {
			isa = PBXShellScriptBuildPhase;
			buildActionMask = 2147483647;
			files = (
			);
			inputPaths = (
			);
			name = "Copy Pods Resources";
			outputPaths = (
			);
			runOnlyForDeploymentPostprocessing = 0;
			shellPath = /bin/sh;
			shellScript = "\"${SRCROOT}/Pods/Pods-resources.sh\"\n";
			showEnvVarsInLog = 0;
		};
		F47D464FDA9D416E81E47A58 /* Check Pods Manifest.lock */ = {
			isa = PBXShellScriptBuildPhase;
			buildActionMask = 2147483647;
			files = (
			);
			inputPaths = (
			);
			name = "Check Pods Manifest.lock";
			outputPaths = (
			);
			runOnlyForDeploymentPostprocessing = 0;
			shellPath = /bin/sh;
			shellScript = "diff \"${PODS_ROOT}/../Podfile.lock\" \"${PODS_ROOT}/Manifest.lock\" > /dev/null\nif [[ $? != 0 ]] ; then\n    cat << EOM\nerror: The sandbox is not in sync with the Podfile.lock. Run 'pod install' or update your CocoaPods installation.\nEOM\n    exit 1\nfi\n";
			showEnvVarsInLog = 0;
		};
/* End PBXShellScriptBuildPhase section */

/* Begin PBXSourcesBuildPhase section */
		499B4A2117F22C9F00E211C9 /* Sources */ = {
			isa = PBXSourcesBuildPhase;
			buildActionMask = 2147483647;
			files = (
				499B4A3417F22C9F00E211C9 /* AppDelegate.m in Sources */,
				499B4A3017F22C9F00E211C9 /* main.m in Sources */,
			);
			runOnlyForDeploymentPostprocessing = 0;
		};
		809DC71A17C694EC0089E846 /* Sources */ = {
			isa = PBXSourcesBuildPhase;
			buildActionMask = 2147483647;
			files = (
				804904BF18048B7B00BB8978 /* CKUser+Networking.m in Sources */,
				BD661DA417E789DE004210DD /* CKLoginViewController.m in Sources */,
				80A07D7717E425F9001B9EE4 /* CKModule+Networking.m in Sources */,
				BDB4B8BF17E236330097D4AC /* NSString+CKAdditions.m in Sources */,
				BD18757C17E0D7AE00138469 /* CKCourse.m in Sources */,
				BD99E78E17E8DE1300AEC79C /* CKTab+Networking.m in Sources */,
				BD7907B217EA364B006D12D9 /* CKAssignmentGroup.m in Sources */,
				BD99E79117E8DF4A00AEC79C /* CKFavorite+Networking.m in Sources */,
				809808BD17C6D9BB00FC3BF6 /* CKAssignment.m in Sources */,
				80C8471117E1141F00AF25AE /* NSDictionary+DictionaryByAddingObjectsFromDictionary.m in Sources */,
				BD15900417E91681008887E3 /* CKCalendarEvent.m in Sources */,
				809A664517EB93F2005C5855 /* NSHTTPURLResponse+Pagination.m in Sources */,
				803282A817D05C7D001E73FA /* CKSubmission.m in Sources */,
				80D16607180C404F00D265C2 /* CKFolder+Networking.m in Sources */,
				4910CE9C17E8F3D000A6A73E /* CKAPIV1.m in Sources */,
				802837F017CCF2BF0019FE30 /* CKLockableModel.m in Sources */,
				BD661DA117E78772004210DD /* CKLocalUser+Networking.m in Sources */,
				BD661D9E17E78772004210DD /* CKAssignment+Networking.m in Sources */,
				BDF67B3B17EBAD3E008AE5F5 /* CKFolder.m in Sources */,
				80061C1817FDFC3100A8CDFF /* CKGroup+Networking.m in Sources */,
				80F1E0E117FB6BBE005E71E1 /* CKGroup.m in Sources */,
				80785A0E17E1365700339A06 /* CKModule.m in Sources */,
				BDB4B91D17E3B9DC0097D4AC /* CKLockInfo.m in Sources */,
				80E06FD018061587009CD10B /* CKFile+Networking.m in Sources */,
				80538A2717DD1A20009095F2 /* CKUser.m in Sources */,
				805E1E6117EA334F0055EA0C /* CKPagedResponse.m in Sources */,
				BD661D9F17E78772004210DD /* CKClient.m in Sources */,
				241437491804A59300047474 /* CKQuiz+Networking.m in Sources */,
				BD15900C17EA0679008887E3 /* CKCalendarEvent+Networking.m in Sources */,
				BDF67B3317EBA378008AE5F5 /* CKFile.m in Sources */,
				808A0DC617CBCADA0000654F /* NSValueTransformer+CKPredefinedTransformerAdditions.m in Sources */,
				BD95240117E2228700C02646 /* CKLocalUser.m in Sources */,
				BD99E77017E8A15E00AEC79C /* CKTab.m in Sources */,
				8032829F17D03380001E73FA /* CKRubricCriterionRating.m in Sources */,
				800B2F0317FE39570069D0CC /* CKModuleItem+Networking.m in Sources */,
				24D5436017FCA4DA0056096D /* CKQuiz.m in Sources */,
				BD95240617E2291B00C02646 /* CanvasKit.m in Sources */,
				80785A1317E146B000339A06 /* CKModuleItem.m in Sources */,
				8057D2EA17E25B85002AAED2 /* CKPage+Networking.m in Sources */,
				8024E19F17C6AE7D0031E0F4 /* CKModel.m in Sources */,
				BD158FFA17E8F8CF008887E3 /* CKTodoItem+Networking.m in Sources */,
				80B3676F17D0253000A32E70 /* CKRubricCriterion.m in Sources */,
				8026FC4217E0DDC000126518 /* CKPage.m in Sources */,
				BDFB334617E79698000C6C13 /* CKSubmission+Networking.m in Sources */,
				80538A1E17DD132A009095F2 /* CKSubmissionComment.m in Sources */,
				BD158FF617E8F0B5008887E3 /* CKTodoItem.m in Sources */,
				BD661DA017E78772004210DD /* CKCourse+Networking.m in Sources */,
				BD99E77B17E8ABD200AEC79C /* CKFavorite.m in Sources */,
			);
			runOnlyForDeploymentPostprocessing = 0;
		};
		809DC72A17C694EC0089E846 /* Sources */ = {
			isa = PBXSourcesBuildPhase;
			buildActionMask = 2147483647;
			files = (
				804904C018048B7F00BB8978 /* CKUser+Networking.m in Sources */,
				80E06FCD1806152F009CD10B /* CKFile+NetworkingSpec.m in Sources */,
				80C63B8C17FCA1C700DEB92A /* CKClientSpec.m in Sources */,
				BDB4B92E17E3BA760097D4AC /* CKCourse.m in Sources */,
				80E06FD11806158E009CD10B /* CKFile+Networking.m in Sources */,
				2472D26B17E3BF4C0035E10E /* CKPage+Networking.m in Sources */,
				80D1660A180C9D5700D265C2 /* CKFolder+NetworkingSpec.m in Sources */,
				80A8BE6517FF5C15002ED94E /* CKCourse+NetworkingSpec.m in Sources */,
				BDB4B92B17E3BA760097D4AC /* CKSubmission.m in Sources */,
				BDB4B91F17E3BA6E0097D4AC /* NSValueTransformer+CKPredefinedTransformerAdditions.m in Sources */,
				800B2F0417FE395F0069D0CC /* CKModuleItem+Networking.m in Sources */,
				804904C218048B9B00BB8978 /* CKUserSpec.m in Sources */,
				BDB4B92717E3BA760097D4AC /* CKRubricCriterion.m in Sources */,
				BDF67B3817EBA8AC008AE5F5 /* CKFile.m in Sources */,
				BD15900517E91681008887E3 /* CKCalendarEvent.m in Sources */,
				BDFB333F17E78C0D000C6C13 /* CKAssignment+Networking.m in Sources */,
				809876E8180493E4001D01BC /* CKUser+NetworkingSpec.m in Sources */,
				BD15900D17EA0679008887E3 /* CKCalendarEvent+Networking.m in Sources */,
				BDB4B93317E3BA790097D4AC /* CanvasKit.m in Sources */,
				BDF67B3C17EBAD3E008AE5F5 /* CKFolder.m in Sources */,
				BDB4B92F17E3BA760097D4AC /* CKPage.m in Sources */,
				BDB4B93017E3BA760097D4AC /* CKModule.m in Sources */,
				80E3C09A17C6EFAE0056EA62 /* Helpers.m in Sources */,
				80F1E0E517FB6F22005E71E1 /* CKGroup.m in Sources */,
				BDB4B92917E3BA760097D4AC /* CKLockableModel.m in Sources */,
				24B91A8017FCB01800D5FF60 /* CKISO8601DateMatcher.m in Sources */,
				24B91A7D17FCA84500D5FF60 /* CKQuiz.m in Sources */,
				800B2F0617FE3B970069D0CC /* CKModuleItem+NetworkingSpec.m in Sources */,
				809A664117EB8D5A005C5855 /* CKPagedResponse.m in Sources */,
				8031533617ECF3B400F4C294 /* NSHTTPURLResponsePaginationSpec.m in Sources */,
				2414374C1804B9E500047474 /* CKQuiz+NetworkingSpec.m in Sources */,
				BDB4B92517E3BA760097D4AC /* CKModel.m in Sources */,
				809E7A0817F0DE0800180557 /* NSHTTPURLResponse+Pagination.m in Sources */,
				BD158FF717E8F0B5008887E3 /* CKTodoItem.m in Sources */,
				BDFB334017E78C12000C6C13 /* CKCourse+Networking.m in Sources */,
				BDB4B92617E3BA760097D4AC /* CKAssignment.m in Sources */,
				BDB4B92817E3BA760097D4AC /* CKRubricCriterionRating.m in Sources */,
				BDB4B92C17E3BA760097D4AC /* CKUser.m in Sources */,
				496C9A0D17E1080F00E5DB70 /* CKClient+TestingClient.m in Sources */,
				80A07D7A17E4265D001B9EE4 /* CKModule+Networking.m in Sources */,
				BDB4B92D17E3BA760097D4AC /* CKSubmissionComment.m in Sources */,
				BDFB334717E79698000C6C13 /* CKSubmission+Networking.m in Sources */,
				BD7907B317EA364B006D12D9 /* CKAssignmentGroup.m in Sources */,
				80061C1C17FE05F300A8CDFF /* CKGroup+NetworkingSpec.m in Sources */,
				BD158FFB17E8F8CF008887E3 /* CKTodoItem+Networking.m in Sources */,
				BDB4B93117E3BA760097D4AC /* CKModuleItem.m in Sources */,
				BD99E77617E8A79100AEC79C /* CKTab.m in Sources */,
				BDFB333E17E78BEE000C6C13 /* CKClient.m in Sources */,
				BDFB334117E78C15000C6C13 /* CKLocalUser+Networking.m in Sources */,
				80E06FC71805F4FB009CD10B /* CKFileSpec.m in Sources */,
				497948BD17E90C2900E1F600 /* CKAPIV1.m in Sources */,
				24D5436217FCA5630056096D /* CKQuizSpec.m in Sources */,
				80D16608180C405400D265C2 /* CKFolder+Networking.m in Sources */,
				800BC95817FE205E00934C8E /* CKGroup+Networking.m in Sources */,
				BDB4B92017E3BA6E0097D4AC /* NSDictionary+DictionaryByAddingObjectsFromDictionary.m in Sources */,
				80A07D7917E42653001B9EE4 /* CKModule+NetworkingSpec.m in Sources */,
				BDB4B92A17E3BA760097D4AC /* CKLockInfo.m in Sources */,
				BDB4B8C017E236330097D4AC /* NSString+CKAdditions.m in Sources */,
				BDB4B93217E3BA760097D4AC /* CKLocalUser.m in Sources */,
				BD99E77C17E8ABD200AEC79C /* CKFavorite.m in Sources */,
				BDFB334317E78C35000C6C13 /* CKLoginViewController.m in Sources */,
				80F1E0E317FB6BDE005E71E1 /* CKGroupSpec.m in Sources */,
				2414374D1805ACF700047474 /* CKQuiz+Networking.m in Sources */,
			);
			runOnlyForDeploymentPostprocessing = 0;
		};
/* End PBXSourcesBuildPhase section */

/* Begin PBXTargetDependency section */
		809DC73517C694EC0089E846 /* PBXTargetDependency */ = {
			isa = PBXTargetDependency;
			target = 809DC71D17C694EC0089E846 /* CanvasKit */;
			targetProxy = 809DC73417C694EC0089E846 /* PBXContainerItemProxy */;
		};
/* End PBXTargetDependency section */

/* Begin PBXVariantGroup section */
		499B4A2C17F22C9F00E211C9 /* InfoPlist.strings */ = {
			isa = PBXVariantGroup;
			children = (
				499B4A2D17F22C9F00E211C9 /* en */,
			);
			name = InfoPlist.strings;
			sourceTree = "<group>";
		};
		809DC73A17C694EC0089E846 /* InfoPlist.strings */ = {
			isa = PBXVariantGroup;
			children = (
				809DC73B17C694EC0089E846 /* en */,
			);
			name = InfoPlist.strings;
			sourceTree = "<group>";
		};
/* End PBXVariantGroup section */

/* Begin XCBuildConfiguration section */
		499B4A4917F22CA000E211C9 /* Debug */ = {
			isa = XCBuildConfiguration;
			buildSettings = {
				ARCHS = "$(ARCHS_STANDARD_INCLUDING_64_BIT)";
				ASSETCATALOG_COMPILER_APPICON_NAME = AppIcon;
				ASSETCATALOG_COMPILER_LAUNCHIMAGE_NAME = LaunchImage;
				"CODE_SIGN_IDENTITY[sdk=iphoneos*]" = "iPhone Developer";
				FRAMEWORK_SEARCH_PATHS = (
					"$(inherited)",
					"$(DEVELOPER_FRAMEWORKS_DIR)",
				);
				GCC_PRECOMPILE_PREFIX_HEADER = YES;
				GCC_PREFIX_HEADER = "CanvasKitTestBundle/CanvasKitTestBundle-Prefix.pch";
				GCC_PREPROCESSOR_DEFINITIONS = (
					"DEBUG=1",
					"$(inherited)",
				);
				GCC_WARN_64_TO_32_BIT_CONVERSION = YES;
				INFOPLIST_FILE = "CanvasKitTestBundle/CanvasKitTestBundle-Info.plist";
				PRODUCT_NAME = "$(TARGET_NAME)";
				WRAPPER_EXTENSION = app;
			};
			name = Debug;
		};
		499B4A4A17F22CA000E211C9 /* Release */ = {
			isa = XCBuildConfiguration;
			buildSettings = {
				ARCHS = "$(ARCHS_STANDARD_INCLUDING_64_BIT)";
				ASSETCATALOG_COMPILER_APPICON_NAME = AppIcon;
				ASSETCATALOG_COMPILER_LAUNCHIMAGE_NAME = LaunchImage;
				"CODE_SIGN_IDENTITY[sdk=iphoneos*]" = "iPhone Developer";
				FRAMEWORK_SEARCH_PATHS = (
					"$(inherited)",
					"$(DEVELOPER_FRAMEWORKS_DIR)",
				);
				GCC_PRECOMPILE_PREFIX_HEADER = YES;
				GCC_PREFIX_HEADER = "CanvasKitTestBundle/CanvasKitTestBundle-Prefix.pch";
				GCC_WARN_64_TO_32_BIT_CONVERSION = YES;
				INFOPLIST_FILE = "CanvasKitTestBundle/CanvasKitTestBundle-Info.plist";
				PRODUCT_NAME = "$(TARGET_NAME)";
				WRAPPER_EXTENSION = app;
			};
			name = Release;
		};
		809DC73F17C694EC0089E846 /* Debug */ = {
			isa = XCBuildConfiguration;
			buildSettings = {
				ALWAYS_SEARCH_USER_PATHS = NO;
				ARCHS = "$(ARCHS_STANDARD_INCLUDING_64_BIT)";
				CLANG_CXX_LANGUAGE_STANDARD = "gnu++0x";
				CLANG_CXX_LIBRARY = "libc++";
				CLANG_ENABLE_MODULES = YES;
				CLANG_ENABLE_OBJC_ARC = YES;
				CLANG_WARN_BOOL_CONVERSION = YES;
				CLANG_WARN_CONSTANT_CONVERSION = YES;
				CLANG_WARN_DIRECT_OBJC_ISA_USAGE = YES_ERROR;
				CLANG_WARN_EMPTY_BODY = YES;
				CLANG_WARN_ENUM_CONVERSION = YES;
				CLANG_WARN_INT_CONVERSION = YES;
				CLANG_WARN_OBJC_ROOT_CLASS = YES_ERROR;
				CLANG_WARN__DUPLICATE_METHOD_MATCH = YES;
				CODE_SIGN_IDENTITY = "";
				COPY_PHASE_STRIP = NO;
				GCC_C_LANGUAGE_STANDARD = gnu99;
				GCC_DYNAMIC_NO_PIC = NO;
				GCC_OPTIMIZATION_LEVEL = 0;
				GCC_PREPROCESSOR_DEFINITIONS = (
					"DEBUG=1",
					"$(inherited)",
				);
				GCC_SYMBOLS_PRIVATE_EXTERN = NO;
				GCC_WARN_ABOUT_RETURN_TYPE = YES_ERROR;
				GCC_WARN_UNDECLARED_SELECTOR = YES;
				GCC_WARN_UNINITIALIZED_AUTOS = YES;
				GCC_WARN_UNUSED_FUNCTION = YES;
				GCC_WARN_UNUSED_VARIABLE = YES;
				IPHONEOS_DEPLOYMENT_TARGET = 7.0;
				ONLY_ACTIVE_ARCH = YES;
				SDKROOT = iphoneos;
			};
			name = Debug;
		};
		809DC74017C694EC0089E846 /* Release */ = {
			isa = XCBuildConfiguration;
			buildSettings = {
				ALWAYS_SEARCH_USER_PATHS = NO;
				ARCHS = "$(ARCHS_STANDARD_INCLUDING_64_BIT)";
				CLANG_CXX_LANGUAGE_STANDARD = "gnu++0x";
				CLANG_CXX_LIBRARY = "libc++";
				CLANG_ENABLE_MODULES = YES;
				CLANG_ENABLE_OBJC_ARC = YES;
				CLANG_WARN_BOOL_CONVERSION = YES;
				CLANG_WARN_CONSTANT_CONVERSION = YES;
				CLANG_WARN_DIRECT_OBJC_ISA_USAGE = YES_ERROR;
				CLANG_WARN_EMPTY_BODY = YES;
				CLANG_WARN_ENUM_CONVERSION = YES;
				CLANG_WARN_INT_CONVERSION = YES;
				CLANG_WARN_OBJC_ROOT_CLASS = YES_ERROR;
				CLANG_WARN__DUPLICATE_METHOD_MATCH = YES;
				CODE_SIGN_IDENTITY = "";
				COPY_PHASE_STRIP = YES;
				ENABLE_NS_ASSERTIONS = NO;
				GCC_C_LANGUAGE_STANDARD = gnu99;
				GCC_WARN_ABOUT_RETURN_TYPE = YES_ERROR;
				GCC_WARN_UNDECLARED_SELECTOR = YES;
				GCC_WARN_UNINITIALIZED_AUTOS = YES;
				GCC_WARN_UNUSED_FUNCTION = YES;
				GCC_WARN_UNUSED_VARIABLE = YES;
				IPHONEOS_DEPLOYMENT_TARGET = 7.0;
				SDKROOT = iphoneos;
				VALIDATE_PRODUCT = YES;
			};
			name = Release;
		};
		809DC74217C694EC0089E846 /* Debug */ = {
			isa = XCBuildConfiguration;
			baseConfigurationReference = EB5670FCC8F3466B9F75A287 /* Pods.xcconfig */;
			buildSettings = {
				ARCHS = "$(ARCHS_STANDARD_INCLUDING_64_BIT)";
				DSTROOT = /tmp/CanvasKit.dst;
				FRAMEWORK_SEARCH_PATHS = (
					"$(inherited)",
					"$(DEVELOPER_FRAMEWORKS_DIR)",
				);
				GCC_GENERATE_TEST_COVERAGE_FILES = YES;
				GCC_INSTRUMENT_PROGRAM_FLOW_ARCS = YES;
				GCC_PRECOMPILE_PREFIX_HEADER = YES;
				GCC_PREFIX_HEADER = "CanvasKit/Supporting Files/CanvasKit-Prefix.pch";
				GENERATE_PROFILING_CODE = YES;
				PRODUCT_NAME = "$(TARGET_NAME)";
				SKIP_INSTALL = YES;
			};
			name = Debug;
		};
		809DC74317C694EC0089E846 /* Release */ = {
			isa = XCBuildConfiguration;
			baseConfigurationReference = EB5670FCC8F3466B9F75A287 /* Pods.xcconfig */;
			buildSettings = {
				ARCHS = "$(ARCHS_STANDARD_INCLUDING_64_BIT)";
				DSTROOT = /tmp/CanvasKit.dst;
				FRAMEWORK_SEARCH_PATHS = (
					"$(inherited)",
					"$(DEVELOPER_FRAMEWORKS_DIR)",
				);
				GCC_PRECOMPILE_PREFIX_HEADER = YES;
				GCC_PREFIX_HEADER = "CanvasKit/Supporting Files/CanvasKit-Prefix.pch";
				PRODUCT_NAME = "$(TARGET_NAME)";
				SKIP_INSTALL = YES;
			};
			name = Release;
		};
		809DC74517C694EC0089E846 /* Debug */ = {
			isa = XCBuildConfiguration;
			baseConfigurationReference = EB5670FCC8F3466B9F75A287 /* Pods.xcconfig */;
			buildSettings = {
				BUNDLE_LOADER = "$(BUILT_PRODUCTS_DIR)/CanvasKitTestBundle.app/CanvasKitTestBundle";
				FRAMEWORK_SEARCH_PATHS = (
					"$(SDKROOT)/Developer/Library/Frameworks",
					"$(inherited)",
					"$(SYSTEM_APPS_DIR)/Xcode.app/Contents/Developer/Library/Frameworks",
				);
				GCC_GENERATE_TEST_COVERAGE_FILES = YES;
				GCC_INSTRUMENT_PROGRAM_FLOW_ARCS = YES;
				GCC_PRECOMPILE_PREFIX_HEADER = YES;
				GCC_PREFIX_HEADER = "CanvasKit/Supporting Files/CanvasKit-Prefix.pch";
				GCC_PREPROCESSOR_DEFINITIONS = (
					"DEBUG=1",
					"$(inherited)",
				);
				INFOPLIST_FILE = "CanvasKitTests/CanvasKitTests-Info.plist";
				PRODUCT_NAME = "$(TARGET_NAME)";
				TEST_HOST = "$(BUNDLE_LOADER)";
				WRAPPER_EXTENSION = xctest;
			};
			name = Debug;
		};
		809DC74617C694EC0089E846 /* Release */ = {
			isa = XCBuildConfiguration;
			baseConfigurationReference = EB5670FCC8F3466B9F75A287 /* Pods.xcconfig */;
			buildSettings = {
				BUNDLE_LOADER = "$(BUILT_PRODUCTS_DIR)/CanvasKitTestBundle.app/CanvasKitTestBundle";
				FRAMEWORK_SEARCH_PATHS = (
					"$(SDKROOT)/Developer/Library/Frameworks",
					"$(inherited)",
					"$(SYSTEM_APPS_DIR)/Xcode.app/Contents/Developer/Library/Frameworks",
				);
				GCC_GENERATE_TEST_COVERAGE_FILES = YES;
				GCC_INSTRUMENT_PROGRAM_FLOW_ARCS = YES;
				GCC_PRECOMPILE_PREFIX_HEADER = YES;
				GCC_PREFIX_HEADER = "CanvasKit/Supporting Files/CanvasKit-Prefix.pch";
				INFOPLIST_FILE = "CanvasKitTests/CanvasKitTests-Info.plist";
				PRODUCT_NAME = "$(TARGET_NAME)";
				TEST_HOST = "$(BUNDLE_LOADER)";
				WRAPPER_EXTENSION = xctest;
			};
			name = Release;
		};
/* End XCBuildConfiguration section */

/* Begin XCConfigurationList section */
		499B4A4D17F22CA000E211C9 /* Build configuration list for PBXNativeTarget "CanvasKitTestBundle" */ = {
			isa = XCConfigurationList;
			buildConfigurations = (
				499B4A4917F22CA000E211C9 /* Debug */,
				499B4A4A17F22CA000E211C9 /* Release */,
			);
			defaultConfigurationIsVisible = 0;
			defaultConfigurationName = Release;
		};
		809DC71917C694EC0089E846 /* Build configuration list for PBXProject "CanvasKit" */ = {
			isa = XCConfigurationList;
			buildConfigurations = (
				809DC73F17C694EC0089E846 /* Debug */,
				809DC74017C694EC0089E846 /* Release */,
			);
			defaultConfigurationIsVisible = 0;
			defaultConfigurationName = Release;
		};
		809DC74117C694EC0089E846 /* Build configuration list for PBXNativeTarget "CanvasKit" */ = {
			isa = XCConfigurationList;
			buildConfigurations = (
				809DC74217C694EC0089E846 /* Debug */,
				809DC74317C694EC0089E846 /* Release */,
			);
			defaultConfigurationIsVisible = 0;
			defaultConfigurationName = Release;
		};
		809DC74417C694EC0089E846 /* Build configuration list for PBXNativeTarget "CanvasKitTests" */ = {
			isa = XCConfigurationList;
			buildConfigurations = (
				809DC74517C694EC0089E846 /* Debug */,
				809DC74617C694EC0089E846 /* Release */,
			);
			defaultConfigurationIsVisible = 0;
			defaultConfigurationName = Release;
		};
/* End XCConfigurationList section */
	};
	rootObject = 809DC71617C694EC0089E846 /* Project object */;
}
