PODS:
  - AFNetworking (2.0.0):
    - AFNetworking/NSURLConnection
    - AFNetworking/NSURLSession
    - AFNetworking/Reachability
    - AFNetworking/Security
    - AFNetworking/Serialization
    - AFNetworking/UIKit
  - AFNetworking/NSURLConnection (2.0.0):
    - AFNetworking/Reachability
    - AFNetworking/Security
    - AFNetworking/Serialization
  - AFNetworking/NSURLSession (2.0.0):
    - AFNetworking/Reachability
    - AFNetworking/Security
    - AFNetworking/Serialization
  - AFNetworking/Reachability (2.0.0)
  - AFNetworking/Security (2.0.0)
  - AFNetworking/Serialization (2.0.0)
  - AFNetworking/UIKit (2.0.0):
    - AFNetworking/NSURLConnection
  - ISO8601DateFormatter (0.7)
  - Kiwi/ARC (2.2.4)
  - Kiwi/NonARC (2.2.4)
  - Kiwi/XCTest (2.2.4):
    - Kiwi/ARC
    - Kiwi/NonARC
  - Mantle (1.4.1):
    - Mantle/extobjc
  - Mantle/extobjc (1.4.1)
  - ReactiveCocoa (2.3):
    - ReactiveCocoa/Core
    - ReactiveCocoa/no-arc
  - ReactiveCocoa/Core (2.3):
    - ReactiveCocoa/no-arc
  - ReactiveCocoa/no-arc (2.3)

DEPENDENCIES:
  - AFNetworking (= 2.0)
  - ISO8601DateFormatter
  - Kiwi/XCTest
  - Mantle
  - ReactiveCocoa

SPEC CHECKSUMS:
  AFNetworking: 3fa983b1beaba69566a3374612511e2a6e3fe845
  ISO8601DateFormatter: 00944e437ea647f4244454ce8809d313861d08de
  Kiwi: d60d7498b640a16f58b01925fc3c8d7c4d809f66
  Mantle: 0714cdb2b8559d9e6c2410d6a8529e3307bff189
  ReactiveCocoa: 1f6265f9d521923d3efcc37b00722cefc16df269

COCOAPODS: 0.32.1
